// !$*UTF8*$!
{
	archiveVersion = 1;
	classes = {
	};
	objectVersion = 46;
	objects = {

/* Begin PBXBuildFile section */
		0AE834749C3E7EC0B93E1168 /* libPods-LetsChart.a in Frameworks */ = {isa = PBXBuildFile; fileRef = E70481CCE66C331826A3F499 /* libPods-LetsChart.a */; };
		237927891D1B1C0E00BF329B /* GoogleService-Info.plist in Resources */ = {isa = PBXBuildFile; fileRef = 237927881D1B1C0E00BF329B /* GoogleService-Info.plist */; };
		2388EE171D0E770D00E0E9AF /* Recent.swift in Sources */ = {isa = PBXBuildFile; fileRef = 2388EE161D0E770D00E0E9AF /* Recent.swift */; };
		2395E41F1D0CB56D005D64A6 /* ProgressHUD.bundle in Resources */ = {isa = PBXBuildFile; fileRef = 2395E41C1D0CB56D005D64A6 /* ProgressHUD.bundle */; };
		2395E4201D0CB56D005D64A6 /* ProgressHUD.m in Sources */ = {isa = PBXBuildFile; fileRef = 2395E41E1D0CB56D005D64A6 /* ProgressHUD.m */; };
		2395E4221D0CF5BC005D64A6 /* RecentTableViewCell.swift in Sources */ = {isa = PBXBuildFile; fileRef = 2395E4211D0CF5BC005D64A6 /* RecentTableViewCell.swift */; };
		2395E4241D0CF8BE005D64A6 /* RecentViewController.swift in Sources */ = {isa = PBXBuildFile; fileRef = 2395E4231D0CF8BE005D64A6 /* RecentViewController.swift */; };
		2396566A1D18651A009B0DD4 /* FBSDKCoreKit.framework in Frameworks */ = {isa = PBXBuildFile; fileRef = 239656691D18651A009B0DD4 /* FBSDKCoreKit.framework */; };
		2396566C1D1865A2009B0DD4 /* FBSDKLoginKit.framework in Frameworks */ = {isa = PBXBuildFile; fileRef = 2396566B1D1865A2009B0DD4 /* FBSDKLoginKit.framework */; };
		2396566E1D186F75009B0DD4 /* RegisterFBUser.swift in Sources */ = {isa = PBXBuildFile; fileRef = 2396566D1D186F75009B0DD4 /* RegisterFBUser.swift */; };
		2396573E1D18AE96009B0DD4 /* backendless.a in Frameworks */ = {isa = PBXBuildFile; fileRef = 239656731D18AE95009B0DD4 /* backendless.a */; };
		2396573F1D18AE96009B0DD4 /* CommLibiOS.a in Frameworks */ = {isa = PBXBuildFile; fileRef = 239656B81D18AE96009B0DD4 /* CommLibiOS.a */; };
		239657401D18AE96009B0DD4 /* libavcodec.a in Frameworks */ = {isa = PBXBuildFile; fileRef = 2396571E1D18AE96009B0DD4 /* libavcodec.a */; };
		239657411D18AE96009B0DD4 /* libavdevice.a in Frameworks */ = {isa = PBXBuildFile; fileRef = 2396571F1D18AE96009B0DD4 /* libavdevice.a */; };
		239657421D18AE96009B0DD4 /* libavfilter.a in Frameworks */ = {isa = PBXBuildFile; fileRef = 239657201D18AE96009B0DD4 /* libavfilter.a */; };
		239657431D18AE96009B0DD4 /* libavformat.a in Frameworks */ = {isa = PBXBuildFile; fileRef = 239657211D18AE96009B0DD4 /* libavformat.a */; };
		239657441D18AE96009B0DD4 /* libavutil.a in Frameworks */ = {isa = PBXBuildFile; fileRef = 239657221D18AE96009B0DD4 /* libavutil.a */; };
		239657451D18AE96009B0DD4 /* libswscale.a in Frameworks */ = {isa = PBXBuildFile; fileRef = 239657231D18AE96009B0DD4 /* libswscale.a */; };
		239657461D18AE96009B0DD4 /* MediaLibiOS.a in Frameworks */ = {isa = PBXBuildFile; fileRef = 2396572C1D18AE96009B0DD4 /* MediaLibiOS.a */; };
		239657471D18AE96009B0DD4 /* libspeex.a in Frameworks */ = {isa = PBXBuildFile; fileRef = 239657371D18AE96009B0DD4 /* libspeex.a */; };
		239657481D18AE96009B0DD4 /* libx264.a in Frameworks */ = {isa = PBXBuildFile; fileRef = 2396573D1D18AE96009B0DD4 /* libx264.a */; };
		2396574A1D19B9D0009B0DD4 /* PushNotifications.swift in Sources */ = {isa = PBXBuildFile; fileRef = 239657491D19B9D0009B0DD4 /* PushNotifications.swift */; };
		239C1AED1D10B925008D79EE /* ChooseUserViewController.swift in Sources */ = {isa = PBXBuildFile; fileRef = 239C1AEC1D10B925008D79EE /* ChooseUserViewController.swift */; };
		239C1AEF1D10EACE008D79EE /* ChatViewController.swift in Sources */ = {isa = PBXBuildFile; fileRef = 239C1AEE1D10EACE008D79EE /* ChatViewController.swift */; };
		23A605241D14FABB00DA3C31 /* Camera.swift in Sources */ = {isa = PBXBuildFile; fileRef = 23A605231D14FABB00DA3C31 /* Camera.swift */; };
		23A605261D158CCC00DA3C31 /* MapViewController.swift in Sources */ = {isa = PBXBuildFile; fileRef = 23A605251D158CCC00DA3C31 /* MapViewController.swift */; };
		23C89A611D0BCB350000858B /* AppDelegate.swift in Sources */ = {isa = PBXBuildFile; fileRef = 23C89A601D0BCB350000858B /* AppDelegate.swift */; };
		23C89A661D0BCB350000858B /* Main.storyboard in Resources */ = {isa = PBXBuildFile; fileRef = 23C89A641D0BCB350000858B /* Main.storyboard */; };
		23C89A681D0BCB350000858B /* Assets.xcassets in Resources */ = {isa = PBXBuildFile; fileRef = 23C89A671D0BCB350000858B /* Assets.xcassets */; };
		23C89A6B1D0BCB350000858B /* LaunchScreen.storyboard in Resources */ = {isa = PBXBuildFile; fileRef = 23C89A691D0BCB350000858B /* LaunchScreen.storyboard */; };
		23C89A761D0BCB350000858B /* LetsChartTests.swift in Sources */ = {isa = PBXBuildFile; fileRef = 23C89A751D0BCB350000858B /* LetsChartTests.swift */; };
		23C89A811D0BCB350000858B /* LetsChartUITests.swift in Sources */ = {isa = PBXBuildFile; fileRef = 23C89A801D0BCB350000858B /* LetsChartUITests.swift */; };
		23C89C451D0C52AE0000858B /* WelcomeViewController.swift in Sources */ = {isa = PBXBuildFile; fileRef = 23C89C441D0C52AE0000858B /* WelcomeViewController.swift */; };
		23C89C471D0C545D0000858B /* LoginViewController.swift in Sources */ = {isa = PBXBuildFile; fileRef = 23C89C461D0C545D0000858B /* LoginViewController.swift */; };
		23C89C491D0C547A0000858B /* RegisterViewController.swift in Sources */ = {isa = PBXBuildFile; fileRef = 23C89C481D0C547A0000858B /* RegisterViewController.swift */; };
		23DAF9141D15ED9700BBB13D /* SettingsTableViewController.swift in Sources */ = {isa = PBXBuildFile; fileRef = 23DAF9131D15ED9700BBB13D /* SettingsTableViewController.swift */; };
		23DAF9161D1654E600BBB13D /* Avatar.swift in Sources */ = {isa = PBXBuildFile; fileRef = 23DAF9151D1654E600BBB13D /* Avatar.swift */; };
		23EB6E8C1D1327E50065749B /* OutgoingMessage.swift in Sources */ = {isa = PBXBuildFile; fileRef = 23EB6E8B1D1327E50065749B /* OutgoingMessage.swift */; };
		23EB6E8E1D136A1E0065749B /* IncomingMessage.swift in Sources */ = {isa = PBXBuildFile; fileRef = 23EB6E8D1D136A1E0065749B /* IncomingMessage.swift */; };
/* End PBXBuildFile section */

/* Begin PBXContainerItemProxy section */
		23C89A721D0BCB350000858B /* PBXContainerItemProxy */ = {
			isa = PBXContainerItemProxy;
			containerPortal = 23C89A551D0BCB350000858B /* Project object */;
			proxyType = 1;
			remoteGlobalIDString = 23C89A5C1D0BCB350000858B;
			remoteInfo = LetsChart;
		};
		23C89A7D1D0BCB350000858B /* PBXContainerItemProxy */ = {
			isa = PBXContainerItemProxy;
			containerPortal = 23C89A551D0BCB350000858B /* Project object */;
			proxyType = 1;
			remoteGlobalIDString = 23C89A5C1D0BCB350000858B;
			remoteInfo = LetsChart;
		};
/* End PBXContainerItemProxy section */

/* Begin PBXCopyFilesBuildPhase section */
		231AF5C41D0FCD8800273C92 /* Embed Frameworks */ = {
			isa = PBXCopyFilesBuildPhase;
			buildActionMask = 2147483647;
			dstPath = "";
			dstSubfolderSpec = 10;
			files = (
			);
			name = "Embed Frameworks";
			runOnlyForDeploymentPostprocessing = 0;
		};
/* End PBXCopyFilesBuildPhase section */

/* Begin PBXFileReference section */
		237927881D1B1C0E00BF329B /* GoogleService-Info.plist */ = {isa = PBXFileReference; fileEncoding = 4; lastKnownFileType = text.plist.xml; path = "GoogleService-Info.plist"; sourceTree = "<group>"; };
		2388EE161D0E770D00E0E9AF /* Recent.swift */ = {isa = PBXFileReference; fileEncoding = 4; lastKnownFileType = sourcecode.swift; path = Recent.swift; sourceTree = "<group>"; };
		2395E41C1D0CB56D005D64A6 /* ProgressHUD.bundle */ = {isa = PBXFileReference; lastKnownFileType = "wrapper.plug-in"; path = ProgressHUD.bundle; sourceTree = "<group>"; };
		2395E41D1D0CB56D005D64A6 /* ProgressHUD.h */ = {isa = PBXFileReference; fileEncoding = 4; lastKnownFileType = sourcecode.c.h; path = ProgressHUD.h; sourceTree = "<group>"; };
		2395E41E1D0CB56D005D64A6 /* ProgressHUD.m */ = {isa = PBXFileReference; fileEncoding = 4; lastKnownFileType = sourcecode.c.objc; path = ProgressHUD.m; sourceTree = "<group>"; };
		2395E4211D0CF5BC005D64A6 /* RecentTableViewCell.swift */ = {isa = PBXFileReference; fileEncoding = 4; lastKnownFileType = sourcecode.swift; path = RecentTableViewCell.swift; sourceTree = "<group>"; };
		2395E4231D0CF8BE005D64A6 /* RecentViewController.swift */ = {isa = PBXFileReference; fileEncoding = 4; lastKnownFileType = sourcecode.swift; path = RecentViewController.swift; sourceTree = "<group>"; };
		239656691D18651A009B0DD4 /* FBSDKCoreKit.framework */ = {isa = PBXFileReference; lastKnownFileType = wrapper.framework; path = FBSDKCoreKit.framework; sourceTree = "<group>"; };
		2396566B1D1865A2009B0DD4 /* FBSDKLoginKit.framework */ = {isa = PBXFileReference; lastKnownFileType = wrapper.framework; path = FBSDKLoginKit.framework; sourceTree = "<group>"; };
		2396566D1D186F75009B0DD4 /* RegisterFBUser.swift */ = {isa = PBXFileReference; fileEncoding = 4; lastKnownFileType = sourcecode.swift; path = RegisterFBUser.swift; sourceTree = "<group>"; };
		239656731D18AE95009B0DD4 /* backendless.a */ = {isa = PBXFileReference; lastKnownFileType = archive.ar; path = backendless.a; sourceTree = "<group>"; };
		239656751D18AE95009B0DD4 /* AbstractProperty.h */ = {isa = PBXFileReference; fileEncoding = 4; lastKnownFileType = sourcecode.c.h; path = AbstractProperty.h; sourceTree = "<group>"; };
		239656761D18AE95009B0DD4 /* AbstractQuery.h */ = {isa = PBXFileReference; fileEncoding = 4; lastKnownFileType = sourcecode.c.h; path = AbstractQuery.h; sourceTree = "<group>"; };
		239656771D18AE95009B0DD4 /* AtomicCounters.h */ = {isa = PBXFileReference; fileEncoding = 4; lastKnownFileType = sourcecode.c.h; path = AtomicCounters.h; sourceTree = "<group>"; };
		239656781D18AE95009B0DD4 /* AtomicCountersFactory.h */ = {isa = PBXFileReference; fileEncoding = 4; lastKnownFileType = sourcecode.c.h; path = AtomicCountersFactory.h; sourceTree = "<group>"; };
		239656791D18AE95009B0DD4 /* Backendless-Bridging-Header.h */ = {isa = PBXFileReference; fileEncoding = 4; lastKnownFileType = sourcecode.c.h; path = "Backendless-Bridging-Header.h"; sourceTree = "<group>"; };
		2396567A1D18AE95009B0DD4 /* Backendless-With-Media-Bridging-Header.h */ = {isa = PBXFileReference; fileEncoding = 4; lastKnownFileType = sourcecode.c.h; path = "Backendless-With-Media-Bridging-Header.h"; sourceTree = "<group>"; };
		2396567B1D18AE95009B0DD4 /* Backendless.h */ = {isa = PBXFileReference; fileEncoding = 4; lastKnownFileType = sourcecode.c.h; path = Backendless.h; sourceTree = "<group>"; };
		2396567C1D18AE95009B0DD4 /* BackendlessBeacon.h */ = {isa = PBXFileReference; fileEncoding = 4; lastKnownFileType = sourcecode.c.h; path = BackendlessBeacon.h; sourceTree = "<group>"; };
		2396567D1D18AE95009B0DD4 /* BackendlessCachePolicy.h */ = {isa = PBXFileReference; fileEncoding = 4; lastKnownFileType = sourcecode.c.h; path = BackendlessCachePolicy.h; sourceTree = "<group>"; };
		2396567E1D18AE95009B0DD4 /* BackendlessCacheProtocol.h */ = {isa = PBXFileReference; fileEncoding = 4; lastKnownFileType = sourcecode.c.h; path = BackendlessCacheProtocol.h; sourceTree = "<group>"; };
		2396567F1D18AE95009B0DD4 /* BackendlessCollection.h */ = {isa = PBXFileReference; fileEncoding = 4; lastKnownFileType = sourcecode.c.h; path = BackendlessCollection.h; sourceTree = "<group>"; };
		239656801D18AE95009B0DD4 /* BackendlessDataQuery.h */ = {isa = PBXFileReference; fileEncoding = 4; lastKnownFileType = sourcecode.c.h; path = BackendlessDataQuery.h; sourceTree = "<group>"; };
		239656811D18AE95009B0DD4 /* BackendlessEntity.h */ = {isa = PBXFileReference; fileEncoding = 4; lastKnownFileType = sourcecode.c.h; path = BackendlessEntity.h; sourceTree = "<group>"; };
		239656821D18AE95009B0DD4 /* BackendlessFile.h */ = {isa = PBXFileReference; fileEncoding = 4; lastKnownFileType = sourcecode.c.h; path = BackendlessFile.h; sourceTree = "<group>"; };
		239656831D18AE95009B0DD4 /* BackendlessGeoQuery.h */ = {isa = PBXFileReference; fileEncoding = 4; lastKnownFileType = sourcecode.c.h; path = BackendlessGeoQuery.h; sourceTree = "<group>"; };
		239656841D18AE95009B0DD4 /* BackendlessSimpleQuery.h */ = {isa = PBXFileReference; fileEncoding = 4; lastKnownFileType = sourcecode.c.h; path = BackendlessSimpleQuery.h; sourceTree = "<group>"; };
		239656851D18AE95009B0DD4 /* BackendlessUser.h */ = {isa = PBXFileReference; fileEncoding = 4; lastKnownFileType = sourcecode.c.h; path = BackendlessUser.h; sourceTree = "<group>"; };
		239656861D18AE95009B0DD4 /* BEAnnotation.h */ = {isa = PBXFileReference; fileEncoding = 4; lastKnownFileType = sourcecode.c.h; path = BEAnnotation.h; sourceTree = "<group>"; };
		239656871D18AE95009B0DD4 /* BECollectionView.h */ = {isa = PBXFileReference; fileEncoding = 4; lastKnownFileType = sourcecode.c.h; path = BECollectionView.h; sourceTree = "<group>"; };
		239656881D18AE95009B0DD4 /* BEFileInfo.h */ = {isa = PBXFileReference; fileEncoding = 4; lastKnownFileType = sourcecode.c.h; path = BEFileInfo.h; sourceTree = "<group>"; };
		239656891D18AE95009B0DD4 /* BEMapView.h */ = {isa = PBXFileReference; fileEncoding = 4; lastKnownFileType = sourcecode.c.h; path = BEMapView.h; sourceTree = "<group>"; };
		2396568A1D18AE95009B0DD4 /* BESubscription.h */ = {isa = PBXFileReference; fileEncoding = 4; lastKnownFileType = sourcecode.c.h; path = BESubscription.h; sourceTree = "<group>"; };
		2396568B1D18AE95009B0DD4 /* BETableView.h */ = {isa = PBXFileReference; fileEncoding = 4; lastKnownFileType = sourcecode.c.h; path = BETableView.h; sourceTree = "<group>"; };
		2396568C1D18AE95009B0DD4 /* BodyParts.h */ = {isa = PBXFileReference; fileEncoding = 4; lastKnownFileType = sourcecode.c.h; path = BodyParts.h; sourceTree = "<group>"; };
		2396568D1D18AE95009B0DD4 /* CacheFactory.h */ = {isa = PBXFileReference; fileEncoding = 4; lastKnownFileType = sourcecode.c.h; path = CacheFactory.h; sourceTree = "<group>"; };
		2396568E1D18AE95009B0DD4 /* CacheService.h */ = {isa = PBXFileReference; fileEncoding = 4; lastKnownFileType = sourcecode.c.h; path = CacheService.h; sourceTree = "<group>"; };
		2396568F1D18AE95009B0DD4 /* CustomService.h */ = {isa = PBXFileReference; fileEncoding = 4; lastKnownFileType = sourcecode.c.h; path = CustomService.h; sourceTree = "<group>"; };
		239656901D18AE95009B0DD4 /* DataPermission.h */ = {isa = PBXFileReference; fileEncoding = 4; lastKnownFileType = sourcecode.c.h; path = DataPermission.h; sourceTree = "<group>"; };
		239656911D18AE95009B0DD4 /* DataStoreFactory.h */ = {isa = PBXFileReference; fileEncoding = 4; lastKnownFileType = sourcecode.c.h; path = DataStoreFactory.h; sourceTree = "<group>"; };
		239656921D18AE95009B0DD4 /* DeliveryOptions.h */ = {isa = PBXFileReference; fileEncoding = 4; lastKnownFileType = sourcecode.c.h; path = DeliveryOptions.h; sourceTree = "<group>"; };
		239656931D18AE95009B0DD4 /* DeviceRegistration.h */ = {isa = PBXFileReference; fileEncoding = 4; lastKnownFileType = sourcecode.c.h; path = DeviceRegistration.h; sourceTree = "<group>"; };
		239656941D18AE95009B0DD4 /* Events.h */ = {isa = PBXFileReference; fileEncoding = 4; lastKnownFileType = sourcecode.c.h; path = Events.h; sourceTree = "<group>"; };
		239656951D18AE95009B0DD4 /* FilePermission.h */ = {isa = PBXFileReference; fileEncoding = 4; lastKnownFileType = sourcecode.c.h; path = FilePermission.h; sourceTree = "<group>"; };
		239656961D18AE95009B0DD4 /* FileService.h */ = {isa = PBXFileReference; fileEncoding = 4; lastKnownFileType = sourcecode.c.h; path = FileService.h; sourceTree = "<group>"; };
		239656971D18AE95009B0DD4 /* GeoCategory.h */ = {isa = PBXFileReference; fileEncoding = 4; lastKnownFileType = sourcecode.c.h; path = GeoCategory.h; sourceTree = "<group>"; };
		239656981D18AE95009B0DD4 /* GeoCluster.h */ = {isa = PBXFileReference; fileEncoding = 4; lastKnownFileType = sourcecode.c.h; path = GeoCluster.h; sourceTree = "<group>"; };
		239656991D18AE95009B0DD4 /* GeoFence.h */ = {isa = PBXFileReference; fileEncoding = 4; lastKnownFileType = sourcecode.c.h; path = GeoFence.h; sourceTree = "<group>"; };
		2396569A1D18AE95009B0DD4 /* GeoPoint.h */ = {isa = PBXFileReference; fileEncoding = 4; lastKnownFileType = sourcecode.c.h; path = GeoPoint.h; sourceTree = "<group>"; };
		2396569B1D18AE95009B0DD4 /* GeoService.h */ = {isa = PBXFileReference; fileEncoding = 4; lastKnownFileType = sourcecode.c.h; path = GeoService.h; sourceTree = "<group>"; };
		2396569C1D18AE95009B0DD4 /* HashMap.h */ = {isa = PBXFileReference; fileEncoding = 4; lastKnownFileType = sourcecode.c.h; path = HashMap.h; sourceTree = "<group>"; };
		2396569D1D18AE95009B0DD4 /* IAtomicCounters.h */ = {isa = PBXFileReference; fileEncoding = 4; lastKnownFileType = sourcecode.c.h; path = IAtomicCounters.h; sourceTree = "<group>"; };
		2396569E1D18AE95009B0DD4 /* ICacheService.h */ = {isa = PBXFileReference; fileEncoding = 4; lastKnownFileType = sourcecode.c.h; path = ICacheService.h; sourceTree = "<group>"; };
		2396569F1D18AE95009B0DD4 /* ICallback.h */ = {isa = PBXFileReference; fileEncoding = 4; lastKnownFileType = sourcecode.c.h; path = ICallback.h; sourceTree = "<group>"; };
		239656A01D18AE95009B0DD4 /* IDataStore.h */ = {isa = PBXFileReference; fileEncoding = 4; lastKnownFileType = sourcecode.c.h; path = IDataStore.h; sourceTree = "<group>"; };
		239656A11D18AE95009B0DD4 /* IMediaStreamer.h */ = {isa = PBXFileReference; fileEncoding = 4; lastKnownFileType = sourcecode.c.h; path = IMediaStreamer.h; sourceTree = "<group>"; };
		239656A21D18AE95009B0DD4 /* IPresenceListener.h */ = {isa = PBXFileReference; fileEncoding = 4; lastKnownFileType = sourcecode.c.h; path = IPresenceListener.h; sourceTree = "<group>"; };
		239656A31D18AE95009B0DD4 /* LocationTracker.h */ = {isa = PBXFileReference; fileEncoding = 4; lastKnownFileType = sourcecode.c.h; path = LocationTracker.h; sourceTree = "<group>"; };
		239656A41D18AE95009B0DD4 /* Logger.h */ = {isa = PBXFileReference; fileEncoding = 4; lastKnownFileType = sourcecode.c.h; path = Logger.h; sourceTree = "<group>"; };
		239656A51D18AE95009B0DD4 /* Logging.h */ = {isa = PBXFileReference; fileEncoding = 4; lastKnownFileType = sourcecode.c.h; path = Logging.h; sourceTree = "<group>"; };
		239656A61D18AE95009B0DD4 /* MediaPlaybackOptions.h */ = {isa = PBXFileReference; fileEncoding = 4; lastKnownFileType = sourcecode.c.h; path = MediaPlaybackOptions.h; sourceTree = "<group>"; };
		239656A71D18AE95009B0DD4 /* MediaPlayer.h */ = {isa = PBXFileReference; fileEncoding = 4; lastKnownFileType = sourcecode.c.h; path = MediaPlayer.h; sourceTree = "<group>"; };
		239656A81D18AE95009B0DD4 /* MediaPublisher.h */ = {isa = PBXFileReference; fileEncoding = 4; lastKnownFileType = sourcecode.c.h; path = MediaPublisher.h; sourceTree = "<group>"; };
		239656A91D18AE95009B0DD4 /* MediaPublishOptions.h */ = {isa = PBXFileReference; fileEncoding = 4; lastKnownFileType = sourcecode.c.h; path = MediaPublishOptions.h; sourceTree = "<group>"; };
		239656AA1D18AE95009B0DD4 /* MediaService.h */ = {isa = PBXFileReference; fileEncoding = 4; lastKnownFileType = sourcecode.c.h; path = MediaService.h; sourceTree = "<group>"; };
		239656AB1D18AE95009B0DD4 /* Message.h */ = {isa = PBXFileReference; fileEncoding = 4; lastKnownFileType = sourcecode.c.h; path = Message.h; sourceTree = "<group>"; };
		239656AC1D18AE95009B0DD4 /* MessageStatus.h */ = {isa = PBXFileReference; fileEncoding = 4; lastKnownFileType = sourcecode.c.h; path = MessageStatus.h; sourceTree = "<group>"; };
		239656AD1D18AE95009B0DD4 /* MessagingService.h */ = {isa = PBXFileReference; fileEncoding = 4; lastKnownFileType = sourcecode.c.h; path = MessagingService.h; sourceTree = "<group>"; };
		239656AE1D18AE95009B0DD4 /* ObjectProperty.h */ = {isa = PBXFileReference; fileEncoding = 4; lastKnownFileType = sourcecode.c.h; path = ObjectProperty.h; sourceTree = "<group>"; };
		239656AF1D18AE95009B0DD4 /* PersistenceService.h */ = {isa = PBXFileReference; fileEncoding = 4; lastKnownFileType = sourcecode.c.h; path = PersistenceService.h; sourceTree = "<group>"; };
		239656B01D18AE95009B0DD4 /* Presence.h */ = {isa = PBXFileReference; fileEncoding = 4; lastKnownFileType = sourcecode.c.h; path = Presence.h; sourceTree = "<group>"; };
		239656B11D18AE95009B0DD4 /* ProtectedBackendlessGeoQuery.h */ = {isa = PBXFileReference; fileEncoding = 4; lastKnownFileType = sourcecode.c.h; path = ProtectedBackendlessGeoQuery.h; sourceTree = "<group>"; };
		239656B21D18AE96009B0DD4 /* PublishOptions.h */ = {isa = PBXFileReference; fileEncoding = 4; lastKnownFileType = sourcecode.c.h; path = PublishOptions.h; sourceTree = "<group>"; };
		239656B31D18AE96009B0DD4 /* QueryOptions.h */ = {isa = PBXFileReference; fileEncoding = 4; lastKnownFileType = sourcecode.c.h; path = QueryOptions.h; sourceTree = "<group>"; };
		239656B41D18AE96009B0DD4 /* SubscriptionOptions.h */ = {isa = PBXFileReference; fileEncoding = 4; lastKnownFileType = sourcecode.c.h; path = SubscriptionOptions.h; sourceTree = "<group>"; };
		239656B51D18AE96009B0DD4 /* UserProperty.h */ = {isa = PBXFileReference; fileEncoding = 4; lastKnownFileType = sourcecode.c.h; path = UserProperty.h; sourceTree = "<group>"; };
		239656B61D18AE96009B0DD4 /* UserService.h */ = {isa = PBXFileReference; fileEncoding = 4; lastKnownFileType = sourcecode.c.h; path = UserService.h; sourceTree = "<group>"; };
		239656B81D18AE96009B0DD4 /* CommLibiOS.a */ = {isa = PBXFileReference; lastKnownFileType = archive.ar; path = CommLibiOS.a; sourceTree = "<group>"; };
		239656BA1D18AE96009B0DD4 /* AMFSerializer.h */ = {isa = PBXFileReference; fileEncoding = 4; lastKnownFileType = sourcecode.c.h; path = AMFSerializer.h; sourceTree = "<group>"; };
		239656BB1D18AE96009B0DD4 /* BinaryCodec.h */ = {isa = PBXFileReference; fileEncoding = 4; lastKnownFileType = sourcecode.c.h; path = BinaryCodec.h; sourceTree = "<group>"; };
		239656BC1D18AE96009B0DD4 /* BinaryStream.h */ = {isa = PBXFileReference; fileEncoding = 4; lastKnownFileType = sourcecode.c.h; path = BinaryStream.h; sourceTree = "<group>"; };
		239656BD1D18AE96009B0DD4 /* DEBUG.h */ = {isa = PBXFileReference; fileEncoding = 4; lastKnownFileType = sourcecode.c.h; path = DEBUG.h; sourceTree = "<group>"; };
		239656BE1D18AE96009B0DD4 /* FlashorbBinaryReader.h */ = {isa = PBXFileReference; fileEncoding = 4; lastKnownFileType = sourcecode.c.h; path = FlashorbBinaryReader.h; sourceTree = "<group>"; };
		239656BF1D18AE96009B0DD4 /* FlashorbBinaryWriter.h */ = {isa = PBXFileReference; fileEncoding = 4; lastKnownFileType = sourcecode.c.h; path = FlashorbBinaryWriter.h; sourceTree = "<group>"; };
		239656C01D18AE96009B0DD4 /* IAttributeStore.h */ = {isa = PBXFileReference; fileEncoding = 4; lastKnownFileType = sourcecode.c.h; path = IAttributeStore.h; sourceTree = "<group>"; };
		239656C11D18AE96009B0DD4 /* IClientSharedObject.h */ = {isa = PBXFileReference; fileEncoding = 4; lastKnownFileType = sourcecode.c.h; path = IClientSharedObject.h; sourceTree = "<group>"; };
		239656C21D18AE96009B0DD4 /* IClientSharedObjectDelegate.h */ = {isa = PBXFileReference; fileEncoding = 4; lastKnownFileType = sourcecode.c.h; path = IClientSharedObjectDelegate.h; sourceTree = "<group>"; };
		239656C31D18AE96009B0DD4 /* IPendingServiceCallback.h */ = {isa = PBXFileReference; fileEncoding = 4; lastKnownFileType = sourcecode.c.h; path = IPendingServiceCallback.h; sourceTree = "<group>"; };
		239656C41D18AE96009B0DD4 /* IPersistable.h */ = {isa = PBXFileReference; fileEncoding = 4; lastKnownFileType = sourcecode.c.h; path = IPersistable.h; sourceTree = "<group>"; };
		239656C51D18AE96009B0DD4 /* IRTMProtocol.h */ = {isa = PBXFileReference; fileEncoding = 4; lastKnownFileType = sourcecode.c.h; path = IRTMProtocol.h; sourceTree = "<group>"; };
		239656C61D18AE96009B0DD4 /* IServiceCall.h */ = {isa = PBXFileReference; fileEncoding = 4; lastKnownFileType = sourcecode.c.h; path = IServiceCall.h; sourceTree = "<group>"; };
		239656C71D18AE96009B0DD4 /* ISharedObjectListener.h */ = {isa = PBXFileReference; fileEncoding = 4; lastKnownFileType = sourcecode.c.h; path = ISharedObjectListener.h; sourceTree = "<group>"; };
		239656C81D18AE96009B0DD4 /* MemoryTicker.h */ = {isa = PBXFileReference; fileEncoding = 4; lastKnownFileType = sourcecode.c.h; path = MemoryTicker.h; sourceTree = "<group>"; };
		239656C91D18AE96009B0DD4 /* Responder.h */ = {isa = PBXFileReference; fileEncoding = 4; lastKnownFileType = sourcecode.c.h; path = Responder.h; sourceTree = "<group>"; };
		239656CA1D18AE96009B0DD4 /* RTMPClient.h */ = {isa = PBXFileReference; fileEncoding = 4; lastKnownFileType = sourcecode.c.h; path = RTMPClient.h; sourceTree = "<group>"; };
		239656CB1D18AE96009B0DD4 /* Types.h */ = {isa = PBXFileReference; fileEncoding = 4; lastKnownFileType = sourcecode.c.h; path = Types.h; sourceTree = "<group>"; };
		239656CC1D18AE96009B0DD4 /* WeborbClient.h */ = {isa = PBXFileReference; fileEncoding = 4; lastKnownFileType = sourcecode.c.h; path = WeborbClient.h; sourceTree = "<group>"; };
		239656D01D18AE96009B0DD4 /* avcodec.h */ = {isa = PBXFileReference; fileEncoding = 4; lastKnownFileType = sourcecode.c.h; path = avcodec.h; sourceTree = "<group>"; };
		239656D11D18AE96009B0DD4 /* avfft.h */ = {isa = PBXFileReference; fileEncoding = 4; lastKnownFileType = sourcecode.c.h; path = avfft.h; sourceTree = "<group>"; };
		239656D21D18AE96009B0DD4 /* dv_profile.h */ = {isa = PBXFileReference; fileEncoding = 4; lastKnownFileType = sourcecode.c.h; path = dv_profile.h; sourceTree = "<group>"; };
		239656D31D18AE96009B0DD4 /* dxva2.h */ = {isa = PBXFileReference; fileEncoding = 4; lastKnownFileType = sourcecode.c.h; path = dxva2.h; sourceTree = "<group>"; };
		239656D41D18AE96009B0DD4 /* vaapi.h */ = {isa = PBXFileReference; fileEncoding = 4; lastKnownFileType = sourcecode.c.h; path = vaapi.h; sourceTree = "<group>"; };
		239656D51D18AE96009B0DD4 /* vda.h */ = {isa = PBXFileReference; fileEncoding = 4; lastKnownFileType = sourcecode.c.h; path = vda.h; sourceTree = "<group>"; };
		239656D61D18AE96009B0DD4 /* vdpau.h */ = {isa = PBXFileReference; fileEncoding = 4; lastKnownFileType = sourcecode.c.h; path = vdpau.h; sourceTree = "<group>"; };
		239656D71D18AE96009B0DD4 /* version.h */ = {isa = PBXFileReference; fileEncoding = 4; lastKnownFileType = sourcecode.c.h; path = version.h; sourceTree = "<group>"; };
		239656D81D18AE96009B0DD4 /* xvmc.h */ = {isa = PBXFileReference; fileEncoding = 4; lastKnownFileType = sourcecode.c.h; path = xvmc.h; sourceTree = "<group>"; };
		239656DA1D18AE96009B0DD4 /* avdevice.h */ = {isa = PBXFileReference; fileEncoding = 4; lastKnownFileType = sourcecode.c.h; path = avdevice.h; sourceTree = "<group>"; };
		239656DB1D18AE96009B0DD4 /* version.h */ = {isa = PBXFileReference; fileEncoding = 4; lastKnownFileType = sourcecode.c.h; path = version.h; sourceTree = "<group>"; };
		239656DD1D18AE96009B0DD4 /* avfilter.h */ = {isa = PBXFileReference; fileEncoding = 4; lastKnownFileType = sourcecode.c.h; path = avfilter.h; sourceTree = "<group>"; };
		239656DE1D18AE96009B0DD4 /* avfiltergraph.h */ = {isa = PBXFileReference; fileEncoding = 4; lastKnownFileType = sourcecode.c.h; path = avfiltergraph.h; sourceTree = "<group>"; };
		239656DF1D18AE96009B0DD4 /* buffersink.h */ = {isa = PBXFileReference; fileEncoding = 4; lastKnownFileType = sourcecode.c.h; path = buffersink.h; sourceTree = "<group>"; };
		239656E01D18AE96009B0DD4 /* buffersrc.h */ = {isa = PBXFileReference; fileEncoding = 4; lastKnownFileType = sourcecode.c.h; path = buffersrc.h; sourceTree = "<group>"; };
		239656E11D18AE96009B0DD4 /* version.h */ = {isa = PBXFileReference; fileEncoding = 4; lastKnownFileType = sourcecode.c.h; path = version.h; sourceTree = "<group>"; };
		239656E31D18AE96009B0DD4 /* avformat.h */ = {isa = PBXFileReference; fileEncoding = 4; lastKnownFileType = sourcecode.c.h; path = avformat.h; sourceTree = "<group>"; };
		239656E41D18AE96009B0DD4 /* avio.h */ = {isa = PBXFileReference; fileEncoding = 4; lastKnownFileType = sourcecode.c.h; path = avio.h; sourceTree = "<group>"; };
		239656E51D18AE96009B0DD4 /* version.h */ = {isa = PBXFileReference; fileEncoding = 4; lastKnownFileType = sourcecode.c.h; path = version.h; sourceTree = "<group>"; };
		239656E71D18AE96009B0DD4 /* avresample.h */ = {isa = PBXFileReference; fileEncoding = 4; lastKnownFileType = sourcecode.c.h; path = avresample.h; sourceTree = "<group>"; };
		239656E81D18AE96009B0DD4 /* version.h */ = {isa = PBXFileReference; fileEncoding = 4; lastKnownFileType = sourcecode.c.h; path = version.h; sourceTree = "<group>"; };
		239656EA1D18AE96009B0DD4 /* adler32.h */ = {isa = PBXFileReference; fileEncoding = 4; lastKnownFileType = sourcecode.c.h; path = adler32.h; sourceTree = "<group>"; };
		239656EB1D18AE96009B0DD4 /* aes.h */ = {isa = PBXFileReference; fileEncoding = 4; lastKnownFileType = sourcecode.c.h; path = aes.h; sourceTree = "<group>"; };
		239656EC1D18AE96009B0DD4 /* attributes.h */ = {isa = PBXFileReference; fileEncoding = 4; lastKnownFileType = sourcecode.c.h; path = attributes.h; sourceTree = "<group>"; };
		239656ED1D18AE96009B0DD4 /* audio_fifo.h */ = {isa = PBXFileReference; fileEncoding = 4; lastKnownFileType = sourcecode.c.h; path = audio_fifo.h; sourceTree = "<group>"; };
		239656EE1D18AE96009B0DD4 /* audioconvert.h */ = {isa = PBXFileReference; fileEncoding = 4; lastKnownFileType = sourcecode.c.h; path = audioconvert.h; sourceTree = "<group>"; };
		239656EF1D18AE96009B0DD4 /* avassert.h */ = {isa = PBXFileReference; fileEncoding = 4; lastKnownFileType = sourcecode.c.h; path = avassert.h; sourceTree = "<group>"; };
		239656F01D18AE96009B0DD4 /* avconfig.h */ = {isa = PBXFileReference; fileEncoding = 4; lastKnownFileType = sourcecode.c.h; path = avconfig.h; sourceTree = "<group>"; };
		239656F11D18AE96009B0DD4 /* avstring.h */ = {isa = PBXFileReference; fileEncoding = 4; lastKnownFileType = sourcecode.c.h; path = avstring.h; sourceTree = "<group>"; };
		239656F21D18AE96009B0DD4 /* avutil.h */ = {isa = PBXFileReference; fileEncoding = 4; lastKnownFileType = sourcecode.c.h; path = avutil.h; sourceTree = "<group>"; };
		239656F31D18AE96009B0DD4 /* base64.h */ = {isa = PBXFileReference; fileEncoding = 4; lastKnownFileType = sourcecode.c.h; path = base64.h; sourceTree = "<group>"; };
		239656F41D18AE96009B0DD4 /* blowfish.h */ = {isa = PBXFileReference; fileEncoding = 4; lastKnownFileType = sourcecode.c.h; path = blowfish.h; sourceTree = "<group>"; };
		239656F51D18AE96009B0DD4 /* bswap.h */ = {isa = PBXFileReference; fileEncoding = 4; lastKnownFileType = sourcecode.c.h; path = bswap.h; sourceTree = "<group>"; };
		239656F61D18AE96009B0DD4 /* buffer.h */ = {isa = PBXFileReference; fileEncoding = 4; lastKnownFileType = sourcecode.c.h; path = buffer.h; sourceTree = "<group>"; };
		239656F71D18AE96009B0DD4 /* channel_layout.h */ = {isa = PBXFileReference; fileEncoding = 4; lastKnownFileType = sourcecode.c.h; path = channel_layout.h; sourceTree = "<group>"; };
		239656F81D18AE96009B0DD4 /* common.h */ = {isa = PBXFileReference; fileEncoding = 4; lastKnownFileType = sourcecode.c.h; path = common.h; sourceTree = "<group>"; };
		239656F91D18AE96009B0DD4 /* cpu.h */ = {isa = PBXFileReference; fileEncoding = 4; lastKnownFileType = sourcecode.c.h; path = cpu.h; sourceTree = "<group>"; };
		239656FA1D18AE96009B0DD4 /* crc.h */ = {isa = PBXFileReference; fileEncoding = 4; lastKnownFileType = sourcecode.c.h; path = crc.h; sourceTree = "<group>"; };
		239656FB1D18AE96009B0DD4 /* dict.h */ = {isa = PBXFileReference; fileEncoding = 4; lastKnownFileType = sourcecode.c.h; path = dict.h; sourceTree = "<group>"; };
		239656FC1D18AE96009B0DD4 /* display.h */ = {isa = PBXFileReference; fileEncoding = 4; lastKnownFileType = sourcecode.c.h; path = display.h; sourceTree = "<group>"; };
		239656FD1D18AE96009B0DD4 /* downmix_info.h */ = {isa = PBXFileReference; fileEncoding = 4; lastKnownFileType = sourcecode.c.h; path = downmix_info.h; sourceTree = "<group>"; };
		239656FE1D18AE96009B0DD4 /* error.h */ = {isa = PBXFileReference; fileEncoding = 4; lastKnownFileType = sourcecode.c.h; path = error.h; sourceTree = "<group>"; };
		239656FF1D18AE96009B0DD4 /* eval.h */ = {isa = PBXFileReference; fileEncoding = 4; lastKnownFileType = sourcecode.c.h; path = eval.h; sourceTree = "<group>"; };
		239657001D18AE96009B0DD4 /* fifo.h */ = {isa = PBXFileReference; fileEncoding = 4; lastKnownFileType = sourcecode.c.h; path = fifo.h; sourceTree = "<group>"; };
		239657011D18AE96009B0DD4 /* file.h */ = {isa = PBXFileReference; fileEncoding = 4; lastKnownFileType = sourcecode.c.h; path = file.h; sourceTree = "<group>"; };
		239657021D18AE96009B0DD4 /* frame.h */ = {isa = PBXFileReference; fileEncoding = 4; lastKnownFileType = sourcecode.c.h; path = frame.h; sourceTree = "<group>"; };
		239657031D18AE96009B0DD4 /* hmac.h */ = {isa = PBXFileReference; fileEncoding = 4; lastKnownFileType = sourcecode.c.h; path = hmac.h; sourceTree = "<group>"; };
		239657041D18AE96009B0DD4 /* imgutils.h */ = {isa = PBXFileReference; fileEncoding = 4; lastKnownFileType = sourcecode.c.h; path = imgutils.h; sourceTree = "<group>"; };
		239657051D18AE96009B0DD4 /* intfloat.h */ = {isa = PBXFileReference; fileEncoding = 4; lastKnownFileType = sourcecode.c.h; path = intfloat.h; sourceTree = "<group>"; };
		239657061D18AE96009B0DD4 /* intreadwrite.h */ = {isa = PBXFileReference; fileEncoding = 4; lastKnownFileType = sourcecode.c.h; path = intreadwrite.h; sourceTree = "<group>"; };
		239657071D18AE96009B0DD4 /* lfg.h */ = {isa = PBXFileReference; fileEncoding = 4; lastKnownFileType = sourcecode.c.h; path = lfg.h; sourceTree = "<group>"; };
		239657081D18AE96009B0DD4 /* log.h */ = {isa = PBXFileReference; fileEncoding = 4; lastKnownFileType = sourcecode.c.h; path = log.h; sourceTree = "<group>"; };
		239657091D18AE96009B0DD4 /* macros.h */ = {isa = PBXFileReference; fileEncoding = 4; lastKnownFileType = sourcecode.c.h; path = macros.h; sourceTree = "<group>"; };
		2396570A1D18AE96009B0DD4 /* mathematics.h */ = {isa = PBXFileReference; fileEncoding = 4; lastKnownFileType = sourcecode.c.h; path = mathematics.h; sourceTree = "<group>"; };
		2396570B1D18AE96009B0DD4 /* md5.h */ = {isa = PBXFileReference; fileEncoding = 4; lastKnownFileType = sourcecode.c.h; path = md5.h; sourceTree = "<group>"; };
		2396570C1D18AE96009B0DD4 /* mem.h */ = {isa = PBXFileReference; fileEncoding = 4; lastKnownFileType = sourcecode.c.h; path = mem.h; sourceTree = "<group>"; };
		2396570D1D18AE96009B0DD4 /* old_pix_fmts.h */ = {isa = PBXFileReference; fileEncoding = 4; lastKnownFileType = sourcecode.c.h; path = old_pix_fmts.h; sourceTree = "<group>"; };
		2396570E1D18AE96009B0DD4 /* opt.h */ = {isa = PBXFileReference; fileEncoding = 4; lastKnownFileType = sourcecode.c.h; path = opt.h; sourceTree = "<group>"; };
		2396570F1D18AE96009B0DD4 /* parseutils.h */ = {isa = PBXFileReference; fileEncoding = 4; lastKnownFileType = sourcecode.c.h; path = parseutils.h; sourceTree = "<group>"; };
		239657101D18AE96009B0DD4 /* pixdesc.h */ = {isa = PBXFileReference; fileEncoding = 4; lastKnownFileType = sourcecode.c.h; path = pixdesc.h; sourceTree = "<group>"; };
		239657111D18AE96009B0DD4 /* pixfmt.h */ = {isa = PBXFileReference; fileEncoding = 4; lastKnownFileType = sourcecode.c.h; path = pixfmt.h; sourceTree = "<group>"; };
		239657121D18AE96009B0DD4 /* random_seed.h */ = {isa = PBXFileReference; fileEncoding = 4; lastKnownFileType = sourcecode.c.h; path = random_seed.h; sourceTree = "<group>"; };
		239657131D18AE96009B0DD4 /* rational.h */ = {isa = PBXFileReference; fileEncoding = 4; lastKnownFileType = sourcecode.c.h; path = rational.h; sourceTree = "<group>"; };
		239657141D18AE96009B0DD4 /* replaygain.h */ = {isa = PBXFileReference; fileEncoding = 4; lastKnownFileType = sourcecode.c.h; path = replaygain.h; sourceTree = "<group>"; };
		239657151D18AE96009B0DD4 /* samplefmt.h */ = {isa = PBXFileReference; fileEncoding = 4; lastKnownFileType = sourcecode.c.h; path = samplefmt.h; sourceTree = "<group>"; };
		239657161D18AE96009B0DD4 /* sha.h */ = {isa = PBXFileReference; fileEncoding = 4; lastKnownFileType = sourcecode.c.h; path = sha.h; sourceTree = "<group>"; };
		239657171D18AE96009B0DD4 /* stereo3d.h */ = {isa = PBXFileReference; fileEncoding = 4; lastKnownFileType = sourcecode.c.h; path = stereo3d.h; sourceTree = "<group>"; };
		239657181D18AE96009B0DD4 /* version.h */ = {isa = PBXFileReference; fileEncoding = 4; lastKnownFileType = sourcecode.c.h; path = version.h; sourceTree = "<group>"; };
		239657191D18AE96009B0DD4 /* xtea.h */ = {isa = PBXFileReference; fileEncoding = 4; lastKnownFileType = sourcecode.c.h; path = xtea.h; sourceTree = "<group>"; };
		2396571B1D18AE96009B0DD4 /* swscale.h */ = {isa = PBXFileReference; fileEncoding = 4; lastKnownFileType = sourcecode.c.h; path = swscale.h; sourceTree = "<group>"; };
		2396571C1D18AE96009B0DD4 /* version.h */ = {isa = PBXFileReference; fileEncoding = 4; lastKnownFileType = sourcecode.c.h; path = version.h; sourceTree = "<group>"; };
		2396571E1D18AE96009B0DD4 /* libavcodec.a */ = {isa = PBXFileReference; lastKnownFileType = archive.ar; path = libavcodec.a; sourceTree = "<group>"; };
		2396571F1D18AE96009B0DD4 /* libavdevice.a */ = {isa = PBXFileReference; lastKnownFileType = archive.ar; path = libavdevice.a; sourceTree = "<group>"; };
		239657201D18AE96009B0DD4 /* libavfilter.a */ = {isa = PBXFileReference; lastKnownFileType = archive.ar; path = libavfilter.a; sourceTree = "<group>"; };
		239657211D18AE96009B0DD4 /* libavformat.a */ = {isa = PBXFileReference; lastKnownFileType = archive.ar; path = libavformat.a; sourceTree = "<group>"; };
		239657221D18AE96009B0DD4 /* libavutil.a */ = {isa = PBXFileReference; lastKnownFileType = archive.ar; path = libavutil.a; sourceTree = "<group>"; };
		239657231D18AE96009B0DD4 /* libswscale.a */ = {isa = PBXFileReference; lastKnownFileType = archive.ar; path = libswscale.a; sourceTree = "<group>"; };
		239657261D18AE96009B0DD4 /* BroadcastStreamClient.h */ = {isa = PBXFileReference; fileEncoding = 4; lastKnownFileType = sourcecode.c.h; path = BroadcastStreamClient.h; sourceTree = "<group>"; };
		239657271D18AE96009B0DD4 /* MediaStreamPlayer.h */ = {isa = PBXFileReference; fileEncoding = 4; lastKnownFileType = sourcecode.c.h; path = MediaStreamPlayer.h; sourceTree = "<group>"; };
		239657281D18AE96009B0DD4 /* MPMediaData.h */ = {isa = PBXFileReference; fileEncoding = 4; lastKnownFileType = sourcecode.c.h; path = MPMediaData.h; sourceTree = "<group>"; };
		239657291D18AE96009B0DD4 /* MPMediaDecoder.h */ = {isa = PBXFileReference; fileEncoding = 4; lastKnownFileType = sourcecode.c.h; path = MPMediaDecoder.h; sourceTree = "<group>"; };
		2396572A1D18AE96009B0DD4 /* MPMediaEncoder.h */ = {isa = PBXFileReference; fileEncoding = 4; lastKnownFileType = sourcecode.c.h; path = MPMediaEncoder.h; sourceTree = "<group>"; };
		2396572B1D18AE96009B0DD4 /* VideoPlayer.h */ = {isa = PBXFileReference; fileEncoding = 4; lastKnownFileType = sourcecode.c.h; path = VideoPlayer.h; sourceTree = "<group>"; };
		2396572C1D18AE96009B0DD4 /* MediaLibiOS.a */ = {isa = PBXFileReference; lastKnownFileType = archive.ar; path = MediaLibiOS.a; sourceTree = "<group>"; };
		2396572F1D18AE96009B0DD4 /* speex.h */ = {isa = PBXFileReference; fileEncoding = 4; lastKnownFileType = sourcecode.c.h; path = speex.h; sourceTree = "<group>"; };
		239657301D18AE96009B0DD4 /* speex_bits.h */ = {isa = PBXFileReference; fileEncoding = 4; lastKnownFileType = sourcecode.c.h; path = speex_bits.h; sourceTree = "<group>"; };
		239657311D18AE96009B0DD4 /* speex_callbacks.h */ = {isa = PBXFileReference; fileEncoding = 4; lastKnownFileType = sourcecode.c.h; path = speex_callbacks.h; sourceTree = "<group>"; };
		239657321D18AE96009B0DD4 /* speex_config_types.h */ = {isa = PBXFileReference; fileEncoding = 4; lastKnownFileType = sourcecode.c.h; path = speex_config_types.h; sourceTree = "<group>"; };
		239657331D18AE96009B0DD4 /* speex_header.h */ = {isa = PBXFileReference; fileEncoding = 4; lastKnownFileType = sourcecode.c.h; path = speex_header.h; sourceTree = "<group>"; };
		239657341D18AE96009B0DD4 /* speex_stereo.h */ = {isa = PBXFileReference; fileEncoding = 4; lastKnownFileType = sourcecode.c.h; path = speex_stereo.h; sourceTree = "<group>"; };
		239657351D18AE96009B0DD4 /* speex_types.h */ = {isa = PBXFileReference; fileEncoding = 4; lastKnownFileType = sourcecode.c.h; path = speex_types.h; sourceTree = "<group>"; };
		239657371D18AE96009B0DD4 /* libspeex.a */ = {isa = PBXFileReference; lastKnownFileType = archive.ar; path = libspeex.a; sourceTree = "<group>"; };
		2396573A1D18AE96009B0DD4 /* x264.h */ = {isa = PBXFileReference; fileEncoding = 4; lastKnownFileType = sourcecode.c.h; path = x264.h; sourceTree = "<group>"; };
		2396573B1D18AE96009B0DD4 /* x264_config.h */ = {isa = PBXFileReference; fileEncoding = 4; lastKnownFileType = sourcecode.c.h; path = x264_config.h; sourceTree = "<group>"; };
		2396573D1D18AE96009B0DD4 /* libx264.a */ = {isa = PBXFileReference; lastKnownFileType = archive.ar; path = libx264.a; sourceTree = "<group>"; };
		239657491D19B9D0009B0DD4 /* PushNotifications.swift */ = {isa = PBXFileReference; fileEncoding = 4; lastKnownFileType = sourcecode.swift; path = PushNotifications.swift; sourceTree = "<group>"; };
		239C1AEC1D10B925008D79EE /* ChooseUserViewController.swift */ = {isa = PBXFileReference; fileEncoding = 4; lastKnownFileType = sourcecode.swift; path = ChooseUserViewController.swift; sourceTree = "<group>"; };
		239C1AEE1D10EACE008D79EE /* ChatViewController.swift */ = {isa = PBXFileReference; fileEncoding = 4; lastKnownFileType = sourcecode.swift; path = ChatViewController.swift; sourceTree = "<group>"; };
		23A605231D14FABB00DA3C31 /* Camera.swift */ = {isa = PBXFileReference; fileEncoding = 4; lastKnownFileType = sourcecode.swift; path = Camera.swift; sourceTree = "<group>"; };
		23A605251D158CCC00DA3C31 /* MapViewController.swift */ = {isa = PBXFileReference; fileEncoding = 4; lastKnownFileType = sourcecode.swift; path = MapViewController.swift; sourceTree = "<group>"; };
		23C89A5D1D0BCB350000858B /* LetsChart.app */ = {isa = PBXFileReference; explicitFileType = wrapper.application; includeInIndex = 0; path = LetsChart.app; sourceTree = BUILT_PRODUCTS_DIR; };
		23C89A601D0BCB350000858B /* AppDelegate.swift */ = {isa = PBXFileReference; lastKnownFileType = sourcecode.swift; path = AppDelegate.swift; sourceTree = "<group>"; };
		23C89A651D0BCB350000858B /* Base */ = {isa = PBXFileReference; lastKnownFileType = file.storyboard; name = Base; path = Base.lproj/Main.storyboard; sourceTree = "<group>"; };
		23C89A671D0BCB350000858B /* Assets.xcassets */ = {isa = PBXFileReference; lastKnownFileType = folder.assetcatalog; path = Assets.xcassets; sourceTree = "<group>"; };
		23C89A6A1D0BCB350000858B /* Base */ = {isa = PBXFileReference; lastKnownFileType = file.storyboard; name = Base; path = Base.lproj/LaunchScreen.storyboard; sourceTree = "<group>"; };
		23C89A6C1D0BCB350000858B /* Info.plist */ = {isa = PBXFileReference; lastKnownFileType = text.plist.xml; path = Info.plist; sourceTree = "<group>"; };
		23C89A711D0BCB350000858B /* LetsChartTests.xctest */ = {isa = PBXFileReference; explicitFileType = wrapper.cfbundle; includeInIndex = 0; path = LetsChartTests.xctest; sourceTree = BUILT_PRODUCTS_DIR; };
		23C89A751D0BCB350000858B /* LetsChartTests.swift */ = {isa = PBXFileReference; lastKnownFileType = sourcecode.swift; path = LetsChartTests.swift; sourceTree = "<group>"; };
		23C89A771D0BCB350000858B /* Info.plist */ = {isa = PBXFileReference; lastKnownFileType = text.plist.xml; path = Info.plist; sourceTree = "<group>"; };
		23C89A7C1D0BCB350000858B /* LetsChartUITests.xctest */ = {isa = PBXFileReference; explicitFileType = wrapper.cfbundle; includeInIndex = 0; path = LetsChartUITests.xctest; sourceTree = BUILT_PRODUCTS_DIR; };
		23C89A801D0BCB350000858B /* LetsChartUITests.swift */ = {isa = PBXFileReference; lastKnownFileType = sourcecode.swift; path = LetsChartUITests.swift; sourceTree = "<group>"; };
		23C89A821D0BCB350000858B /* Info.plist */ = {isa = PBXFileReference; lastKnownFileType = text.plist.xml; path = Info.plist; sourceTree = "<group>"; };
		23C89C441D0C52AE0000858B /* WelcomeViewController.swift */ = {isa = PBXFileReference; fileEncoding = 4; lastKnownFileType = sourcecode.swift; path = WelcomeViewController.swift; sourceTree = "<group>"; };
		23C89C461D0C545D0000858B /* LoginViewController.swift */ = {isa = PBXFileReference; fileEncoding = 4; lastKnownFileType = sourcecode.swift; path = LoginViewController.swift; sourceTree = "<group>"; };
		23C89C481D0C547A0000858B /* RegisterViewController.swift */ = {isa = PBXFileReference; fileEncoding = 4; lastKnownFileType = sourcecode.swift; path = RegisterViewController.swift; sourceTree = "<group>"; };
		23DAF9131D15ED9700BBB13D /* SettingsTableViewController.swift */ = {isa = PBXFileReference; fileEncoding = 4; lastKnownFileType = sourcecode.swift; path = SettingsTableViewController.swift; sourceTree = "<group>"; };
		23DAF9151D1654E600BBB13D /* Avatar.swift */ = {isa = PBXFileReference; fileEncoding = 4; lastKnownFileType = sourcecode.swift; path = Avatar.swift; sourceTree = "<group>"; };
		23EB6E8B1D1327E50065749B /* OutgoingMessage.swift */ = {isa = PBXFileReference; fileEncoding = 4; lastKnownFileType = sourcecode.swift; path = OutgoingMessage.swift; sourceTree = "<group>"; };
		23EB6E8D1D136A1E0065749B /* IncomingMessage.swift */ = {isa = PBXFileReference; fileEncoding = 4; lastKnownFileType = sourcecode.swift; path = IncomingMessage.swift; sourceTree = "<group>"; };
		5FEB3DA99AF2F1A7E25E7548 /* Pods-LetsChart.debug.xcconfig */ = {isa = PBXFileReference; includeInIndex = 1; lastKnownFileType = text.xcconfig; name = "Pods-LetsChart.debug.xcconfig"; path = "Pods/Target Support Files/Pods-LetsChart/Pods-LetsChart.debug.xcconfig"; sourceTree = "<group>"; };
		B939F7F39DF7C0BD41EA2299 /* Pods-LetsChart.release.xcconfig */ = {isa = PBXFileReference; includeInIndex = 1; lastKnownFileType = text.xcconfig; name = "Pods-LetsChart.release.xcconfig"; path = "Pods/Target Support Files/Pods-LetsChart/Pods-LetsChart.release.xcconfig"; sourceTree = "<group>"; };
		E70481CCE66C331826A3F499 /* libPods-LetsChart.a */ = {isa = PBXFileReference; explicitFileType = archive.ar; includeInIndex = 0; path = "libPods-LetsChart.a"; sourceTree = BUILT_PRODUCTS_DIR; };
/* End PBXFileReference section */

/* Begin PBXFrameworksBuildPhase section */
		23C89A5A1D0BCB350000858B /* Frameworks */ = {
			isa = PBXFrameworksBuildPhase;
			buildActionMask = 2147483647;
			files = (
				2396566C1D1865A2009B0DD4 /* FBSDKLoginKit.framework in Frameworks */,
				239657431D18AE96009B0DD4 /* libavformat.a in Frameworks */,
				2396566A1D18651A009B0DD4 /* FBSDKCoreKit.framework in Frameworks */,
				239657461D18AE96009B0DD4 /* MediaLibiOS.a in Frameworks */,
				239657481D18AE96009B0DD4 /* libx264.a in Frameworks */,
				239657441D18AE96009B0DD4 /* libavutil.a in Frameworks */,
				2396573E1D18AE96009B0DD4 /* backendless.a in Frameworks */,
				239657451D18AE96009B0DD4 /* libswscale.a in Frameworks */,
				239657471D18AE96009B0DD4 /* libspeex.a in Frameworks */,
				239657421D18AE96009B0DD4 /* libavfilter.a in Frameworks */,
				2396573F1D18AE96009B0DD4 /* CommLibiOS.a in Frameworks */,
				239657411D18AE96009B0DD4 /* libavdevice.a in Frameworks */,
				239657401D18AE96009B0DD4 /* libavcodec.a in Frameworks */,
				0AE834749C3E7EC0B93E1168 /* libPods-LetsChart.a in Frameworks */,
			);
			runOnlyForDeploymentPostprocessing = 0;
		};
		23C89A6E1D0BCB350000858B /* Frameworks */ = {
			isa = PBXFrameworksBuildPhase;
			buildActionMask = 2147483647;
			files = (
			);
			runOnlyForDeploymentPostprocessing = 0;
		};
		23C89A791D0BCB350000858B /* Frameworks */ = {
			isa = PBXFrameworksBuildPhase;
			buildActionMask = 2147483647;
			files = (
			);
			runOnlyForDeploymentPostprocessing = 0;
		};
/* End PBXFrameworksBuildPhase section */

/* Begin PBXGroup section */
		2395E4191D0C7806005D64A6 /* Supporting */ = {
			isa = PBXGroup;
			children = (
				23C89A601D0BCB350000858B /* AppDelegate.swift */,
				23C89A671D0BCB350000858B /* Assets.xcassets */,
				23C89A691D0BCB350000858B /* LaunchScreen.storyboard */,
				237927881D1B1C0E00BF329B /* GoogleService-Info.plist */,
				23C89A6C1D0BCB350000858B /* Info.plist */,
			);
			name = Supporting;
			sourceTree = "<group>";
		};
		2395E41A1D0C7822005D64A6 /* LoginViewControlers */ = {
			isa = PBXGroup;
			children = (
				23C89C441D0C52AE0000858B /* WelcomeViewController.swift */,
				23C89C481D0C547A0000858B /* RegisterViewController.swift */,
				23C89C461D0C545D0000858B /* LoginViewController.swift */,
			);
			name = LoginViewControlers;
			sourceTree = "<group>";
		};
		2395E41B1D0CB56D005D64A6 /* ProgressHUD */ = {
			isa = PBXGroup;
			children = (
				2395E41C1D0CB56D005D64A6 /* ProgressHUD.bundle */,
				2395E41D1D0CB56D005D64A6 /* ProgressHUD.h */,
				2395E41E1D0CB56D005D64A6 /* ProgressHUD.m */,
			);
			path = ProgressHUD;
			sourceTree = "<group>";
		};
		2395E4251D0CFAF7005D64A6 /* RecentViewControlers */ = {
			isa = PBXGroup;
			children = (
				2395E4211D0CF5BC005D64A6 /* RecentTableViewCell.swift */,
				2395E4231D0CF8BE005D64A6 /* RecentViewController.swift */,
				239C1AEC1D10B925008D79EE /* ChooseUserViewController.swift */,
				239C1AEE1D10EACE008D79EE /* ChatViewController.swift */,
				23A605251D158CCC00DA3C31 /* MapViewController.swift */,
				23DAF9131D15ED9700BBB13D /* SettingsTableViewController.swift */,
			);
			name = RecentViewControlers;
			sourceTree = "<group>";
		};
		2396566F1D186FB0009B0DD4 /* Assist Items */ = {
			isa = PBXGroup;
			children = (
				23A605231D14FABB00DA3C31 /* Camera.swift */,
				23DAF9151D1654E600BBB13D /* Avatar.swift */,
				2396566D1D186F75009B0DD4 /* RegisterFBUser.swift */,
				239657491D19B9D0009B0DD4 /* PushNotifications.swift */,
			);
			name = "Assist Items";
			sourceTree = "<group>";
		};
		239656701D18700C009B0DD4 /* Messages */ = {
			isa = PBXGroup;
			children = (
				2388EE161D0E770D00E0E9AF /* Recent.swift */,
				23EB6E8B1D1327E50065749B /* OutgoingMessage.swift */,
				23EB6E8D1D136A1E0065749B /* IncomingMessage.swift */,
			);
			name = Messages;
			sourceTree = "<group>";
		};
		239656711D18AE95009B0DD4 /* lib */ = {
			isa = PBXGroup;
			children = (
				239656721D18AE95009B0DD4 /* backendless */,
				239656B71D18AE96009B0DD4 /* CommLibiOS */,
				239656CD1D18AE96009B0DD4 /* libav-11.4 */,
				239657241D18AE96009B0DD4 /* MediaLibiOS3x */,
				2396572D1D18AE96009B0DD4 /* speex-1.2rc2 */,
				239657381D18AE96009B0DD4 /* x264 */,
			);
			path = lib;
			sourceTree = "<group>";
		};
		239656721D18AE95009B0DD4 /* backendless */ = {
			isa = PBXGroup;
			children = (
				239656731D18AE95009B0DD4 /* backendless.a */,
				239656741D18AE95009B0DD4 /* include */,
			);
			path = backendless;
			sourceTree = "<group>";
		};
		239656741D18AE95009B0DD4 /* include */ = {
			isa = PBXGroup;
			children = (
				239656751D18AE95009B0DD4 /* AbstractProperty.h */,
				239656761D18AE95009B0DD4 /* AbstractQuery.h */,
				239656771D18AE95009B0DD4 /* AtomicCounters.h */,
				239656781D18AE95009B0DD4 /* AtomicCountersFactory.h */,
				239656791D18AE95009B0DD4 /* Backendless-Bridging-Header.h */,
				2396567A1D18AE95009B0DD4 /* Backendless-With-Media-Bridging-Header.h */,
				2396567B1D18AE95009B0DD4 /* Backendless.h */,
				2396567C1D18AE95009B0DD4 /* BackendlessBeacon.h */,
				2396567D1D18AE95009B0DD4 /* BackendlessCachePolicy.h */,
				2396567E1D18AE95009B0DD4 /* BackendlessCacheProtocol.h */,
				2396567F1D18AE95009B0DD4 /* BackendlessCollection.h */,
				239656801D18AE95009B0DD4 /* BackendlessDataQuery.h */,
				239656811D18AE95009B0DD4 /* BackendlessEntity.h */,
				239656821D18AE95009B0DD4 /* BackendlessFile.h */,
				239656831D18AE95009B0DD4 /* BackendlessGeoQuery.h */,
				239656841D18AE95009B0DD4 /* BackendlessSimpleQuery.h */,
				239656851D18AE95009B0DD4 /* BackendlessUser.h */,
				239656861D18AE95009B0DD4 /* BEAnnotation.h */,
				239656871D18AE95009B0DD4 /* BECollectionView.h */,
				239656881D18AE95009B0DD4 /* BEFileInfo.h */,
				239656891D18AE95009B0DD4 /* BEMapView.h */,
				2396568A1D18AE95009B0DD4 /* BESubscription.h */,
				2396568B1D18AE95009B0DD4 /* BETableView.h */,
				2396568C1D18AE95009B0DD4 /* BodyParts.h */,
				2396568D1D18AE95009B0DD4 /* CacheFactory.h */,
				2396568E1D18AE95009B0DD4 /* CacheService.h */,
				2396568F1D18AE95009B0DD4 /* CustomService.h */,
				239656901D18AE95009B0DD4 /* DataPermission.h */,
				239656911D18AE95009B0DD4 /* DataStoreFactory.h */,
				239656921D18AE95009B0DD4 /* DeliveryOptions.h */,
				239656931D18AE95009B0DD4 /* DeviceRegistration.h */,
				239656941D18AE95009B0DD4 /* Events.h */,
				239656951D18AE95009B0DD4 /* FilePermission.h */,
				239656961D18AE95009B0DD4 /* FileService.h */,
				239656971D18AE95009B0DD4 /* GeoCategory.h */,
				239656981D18AE95009B0DD4 /* GeoCluster.h */,
				239656991D18AE95009B0DD4 /* GeoFence.h */,
				2396569A1D18AE95009B0DD4 /* GeoPoint.h */,
				2396569B1D18AE95009B0DD4 /* GeoService.h */,
				2396569C1D18AE95009B0DD4 /* HashMap.h */,
				2396569D1D18AE95009B0DD4 /* IAtomicCounters.h */,
				2396569E1D18AE95009B0DD4 /* ICacheService.h */,
				2396569F1D18AE95009B0DD4 /* ICallback.h */,
				239656A01D18AE95009B0DD4 /* IDataStore.h */,
				239656A11D18AE95009B0DD4 /* IMediaStreamer.h */,
				239656A21D18AE95009B0DD4 /* IPresenceListener.h */,
				239656A31D18AE95009B0DD4 /* LocationTracker.h */,
				239656A41D18AE95009B0DD4 /* Logger.h */,
				239656A51D18AE95009B0DD4 /* Logging.h */,
				239656A61D18AE95009B0DD4 /* MediaPlaybackOptions.h */,
				239656A71D18AE95009B0DD4 /* MediaPlayer.h */,
				239656A81D18AE95009B0DD4 /* MediaPublisher.h */,
				239656A91D18AE95009B0DD4 /* MediaPublishOptions.h */,
				239656AA1D18AE95009B0DD4 /* MediaService.h */,
				239656AB1D18AE95009B0DD4 /* Message.h */,
				239656AC1D18AE95009B0DD4 /* MessageStatus.h */,
				239656AD1D18AE95009B0DD4 /* MessagingService.h */,
				239656AE1D18AE95009B0DD4 /* ObjectProperty.h */,
				239656AF1D18AE95009B0DD4 /* PersistenceService.h */,
				239656B01D18AE95009B0DD4 /* Presence.h */,
				239656B11D18AE95009B0DD4 /* ProtectedBackendlessGeoQuery.h */,
				239656B21D18AE96009B0DD4 /* PublishOptions.h */,
				239656B31D18AE96009B0DD4 /* QueryOptions.h */,
				239656B41D18AE96009B0DD4 /* SubscriptionOptions.h */,
				239656B51D18AE96009B0DD4 /* UserProperty.h */,
				239656B61D18AE96009B0DD4 /* UserService.h */,
			);
			path = include;
			sourceTree = "<group>";
		};
		239656B71D18AE96009B0DD4 /* CommLibiOS */ = {
			isa = PBXGroup;
			children = (
				239656B81D18AE96009B0DD4 /* CommLibiOS.a */,
				239656B91D18AE96009B0DD4 /* include */,
			);
			path = CommLibiOS;
			sourceTree = "<group>";
		};
		239656B91D18AE96009B0DD4 /* include */ = {
			isa = PBXGroup;
			children = (
				239656BA1D18AE96009B0DD4 /* AMFSerializer.h */,
				239656BB1D18AE96009B0DD4 /* BinaryCodec.h */,
				239656BC1D18AE96009B0DD4 /* BinaryStream.h */,
				239656BD1D18AE96009B0DD4 /* DEBUG.h */,
				239656BE1D18AE96009B0DD4 /* FlashorbBinaryReader.h */,
				239656BF1D18AE96009B0DD4 /* FlashorbBinaryWriter.h */,
				239656C01D18AE96009B0DD4 /* IAttributeStore.h */,
				239656C11D18AE96009B0DD4 /* IClientSharedObject.h */,
				239656C21D18AE96009B0DD4 /* IClientSharedObjectDelegate.h */,
				239656C31D18AE96009B0DD4 /* IPendingServiceCallback.h */,
				239656C41D18AE96009B0DD4 /* IPersistable.h */,
				239656C51D18AE96009B0DD4 /* IRTMProtocol.h */,
				239656C61D18AE96009B0DD4 /* IServiceCall.h */,
				239656C71D18AE96009B0DD4 /* ISharedObjectListener.h */,
				239656C81D18AE96009B0DD4 /* MemoryTicker.h */,
				239656C91D18AE96009B0DD4 /* Responder.h */,
				239656CA1D18AE96009B0DD4 /* RTMPClient.h */,
				239656CB1D18AE96009B0DD4 /* Types.h */,
				239656CC1D18AE96009B0DD4 /* WeborbClient.h */,
			);
			path = include;
			sourceTree = "<group>";
		};
		239656CD1D18AE96009B0DD4 /* libav-11.4 */ = {
			isa = PBXGroup;
			children = (
				239656CE1D18AE96009B0DD4 /* include */,
				2396571D1D18AE96009B0DD4 /* lib */,
			);
			path = "libav-11.4";
			sourceTree = "<group>";
		};
		239656CE1D18AE96009B0DD4 /* include */ = {
			isa = PBXGroup;
			children = (
				239656CF1D18AE96009B0DD4 /* libavcodec */,
				239656D91D18AE96009B0DD4 /* libavdevice */,
				239656DC1D18AE96009B0DD4 /* libavfilter */,
				239656E21D18AE96009B0DD4 /* libavformat */,
				239656E61D18AE96009B0DD4 /* libavresample */,
				239656E91D18AE96009B0DD4 /* libavutil */,
				2396571A1D18AE96009B0DD4 /* libswscale */,
			);
			path = include;
			sourceTree = "<group>";
		};
		239656CF1D18AE96009B0DD4 /* libavcodec */ = {
			isa = PBXGroup;
			children = (
				239656D01D18AE96009B0DD4 /* avcodec.h */,
				239656D11D18AE96009B0DD4 /* avfft.h */,
				239656D21D18AE96009B0DD4 /* dv_profile.h */,
				239656D31D18AE96009B0DD4 /* dxva2.h */,
				239656D41D18AE96009B0DD4 /* vaapi.h */,
				239656D51D18AE96009B0DD4 /* vda.h */,
				239656D61D18AE96009B0DD4 /* vdpau.h */,
				239656D71D18AE96009B0DD4 /* version.h */,
				239656D81D18AE96009B0DD4 /* xvmc.h */,
			);
			path = libavcodec;
			sourceTree = "<group>";
		};
		239656D91D18AE96009B0DD4 /* libavdevice */ = {
			isa = PBXGroup;
			children = (
				239656DA1D18AE96009B0DD4 /* avdevice.h */,
				239656DB1D18AE96009B0DD4 /* version.h */,
			);
			path = libavdevice;
			sourceTree = "<group>";
		};
		239656DC1D18AE96009B0DD4 /* libavfilter */ = {
			isa = PBXGroup;
			children = (
				239656DD1D18AE96009B0DD4 /* avfilter.h */,
				239656DE1D18AE96009B0DD4 /* avfiltergraph.h */,
				239656DF1D18AE96009B0DD4 /* buffersink.h */,
				239656E01D18AE96009B0DD4 /* buffersrc.h */,
				239656E11D18AE96009B0DD4 /* version.h */,
			);
			path = libavfilter;
			sourceTree = "<group>";
		};
		239656E21D18AE96009B0DD4 /* libavformat */ = {
			isa = PBXGroup;
			children = (
				239656E31D18AE96009B0DD4 /* avformat.h */,
				239656E41D18AE96009B0DD4 /* avio.h */,
				239656E51D18AE96009B0DD4 /* version.h */,
			);
			path = libavformat;
			sourceTree = "<group>";
		};
		239656E61D18AE96009B0DD4 /* libavresample */ = {
			isa = PBXGroup;
			children = (
				239656E71D18AE96009B0DD4 /* avresample.h */,
				239656E81D18AE96009B0DD4 /* version.h */,
			);
			path = libavresample;
			sourceTree = "<group>";
		};
		239656E91D18AE96009B0DD4 /* libavutil */ = {
			isa = PBXGroup;
			children = (
				239656EA1D18AE96009B0DD4 /* adler32.h */,
				239656EB1D18AE96009B0DD4 /* aes.h */,
				239656EC1D18AE96009B0DD4 /* attributes.h */,
				239656ED1D18AE96009B0DD4 /* audio_fifo.h */,
				239656EE1D18AE96009B0DD4 /* audioconvert.h */,
				239656EF1D18AE96009B0DD4 /* avassert.h */,
				239656F01D18AE96009B0DD4 /* avconfig.h */,
				239656F11D18AE96009B0DD4 /* avstring.h */,
				239656F21D18AE96009B0DD4 /* avutil.h */,
				239656F31D18AE96009B0DD4 /* base64.h */,
				239656F41D18AE96009B0DD4 /* blowfish.h */,
				239656F51D18AE96009B0DD4 /* bswap.h */,
				239656F61D18AE96009B0DD4 /* buffer.h */,
				239656F71D18AE96009B0DD4 /* channel_layout.h */,
				239656F81D18AE96009B0DD4 /* common.h */,
				239656F91D18AE96009B0DD4 /* cpu.h */,
				239656FA1D18AE96009B0DD4 /* crc.h */,
				239656FB1D18AE96009B0DD4 /* dict.h */,
				239656FC1D18AE96009B0DD4 /* display.h */,
				239656FD1D18AE96009B0DD4 /* downmix_info.h */,
				239656FE1D18AE96009B0DD4 /* error.h */,
				239656FF1D18AE96009B0DD4 /* eval.h */,
				239657001D18AE96009B0DD4 /* fifo.h */,
				239657011D18AE96009B0DD4 /* file.h */,
				239657021D18AE96009B0DD4 /* frame.h */,
				239657031D18AE96009B0DD4 /* hmac.h */,
				239657041D18AE96009B0DD4 /* imgutils.h */,
				239657051D18AE96009B0DD4 /* intfloat.h */,
				239657061D18AE96009B0DD4 /* intreadwrite.h */,
				239657071D18AE96009B0DD4 /* lfg.h */,
				239657081D18AE96009B0DD4 /* log.h */,
				239657091D18AE96009B0DD4 /* macros.h */,
				2396570A1D18AE96009B0DD4 /* mathematics.h */,
				2396570B1D18AE96009B0DD4 /* md5.h */,
				2396570C1D18AE96009B0DD4 /* mem.h */,
				2396570D1D18AE96009B0DD4 /* old_pix_fmts.h */,
				2396570E1D18AE96009B0DD4 /* opt.h */,
				2396570F1D18AE96009B0DD4 /* parseutils.h */,
				239657101D18AE96009B0DD4 /* pixdesc.h */,
				239657111D18AE96009B0DD4 /* pixfmt.h */,
				239657121D18AE96009B0DD4 /* random_seed.h */,
				239657131D18AE96009B0DD4 /* rational.h */,
				239657141D18AE96009B0DD4 /* replaygain.h */,
				239657151D18AE96009B0DD4 /* samplefmt.h */,
				239657161D18AE96009B0DD4 /* sha.h */,
				239657171D18AE96009B0DD4 /* stereo3d.h */,
				239657181D18AE96009B0DD4 /* version.h */,
				239657191D18AE96009B0DD4 /* xtea.h */,
			);
			path = libavutil;
			sourceTree = "<group>";
		};
		2396571A1D18AE96009B0DD4 /* libswscale */ = {
			isa = PBXGroup;
			children = (
				2396571B1D18AE96009B0DD4 /* swscale.h */,
				2396571C1D18AE96009B0DD4 /* version.h */,
			);
			path = libswscale;
			sourceTree = "<group>";
		};
		2396571D1D18AE96009B0DD4 /* lib */ = {
			isa = PBXGroup;
			children = (
				2396571E1D18AE96009B0DD4 /* libavcodec.a */,
				2396571F1D18AE96009B0DD4 /* libavdevice.a */,
				239657201D18AE96009B0DD4 /* libavfilter.a */,
				239657211D18AE96009B0DD4 /* libavformat.a */,
				239657221D18AE96009B0DD4 /* libavutil.a */,
				239657231D18AE96009B0DD4 /* libswscale.a */,
			);
			path = lib;
			sourceTree = "<group>";
		};
		239657241D18AE96009B0DD4 /* MediaLibiOS3x */ = {
			isa = PBXGroup;
			children = (
				239657251D18AE96009B0DD4 /* include */,
				2396572C1D18AE96009B0DD4 /* MediaLibiOS.a */,
			);
			path = MediaLibiOS3x;
			sourceTree = "<group>";
		};
		239657251D18AE96009B0DD4 /* include */ = {
			isa = PBXGroup;
			children = (
				239657261D18AE96009B0DD4 /* BroadcastStreamClient.h */,
				239657271D18AE96009B0DD4 /* MediaStreamPlayer.h */,
				239657281D18AE96009B0DD4 /* MPMediaData.h */,
				239657291D18AE96009B0DD4 /* MPMediaDecoder.h */,
				2396572A1D18AE96009B0DD4 /* MPMediaEncoder.h */,
				2396572B1D18AE96009B0DD4 /* VideoPlayer.h */,
			);
			path = include;
			sourceTree = "<group>";
		};
		2396572D1D18AE96009B0DD4 /* speex-1.2rc2 */ = {
			isa = PBXGroup;
			children = (
				2396572E1D18AE96009B0DD4 /* include */,
				239657361D18AE96009B0DD4 /* lib */,
			);
			path = "speex-1.2rc2";
			sourceTree = "<group>";
		};
		2396572E1D18AE96009B0DD4 /* include */ = {
			isa = PBXGroup;
			children = (
				2396572F1D18AE96009B0DD4 /* speex.h */,
				239657301D18AE96009B0DD4 /* speex_bits.h */,
				239657311D18AE96009B0DD4 /* speex_callbacks.h */,
				239657321D18AE96009B0DD4 /* speex_config_types.h */,
				239657331D18AE96009B0DD4 /* speex_header.h */,
				239657341D18AE96009B0DD4 /* speex_stereo.h */,
				239657351D18AE96009B0DD4 /* speex_types.h */,
			);
			path = include;
			sourceTree = "<group>";
		};
		239657361D18AE96009B0DD4 /* lib */ = {
			isa = PBXGroup;
			children = (
				239657371D18AE96009B0DD4 /* libspeex.a */,
			);
			path = lib;
			sourceTree = "<group>";
		};
		239657381D18AE96009B0DD4 /* x264 */ = {
			isa = PBXGroup;
			children = (
				239657391D18AE96009B0DD4 /* include */,
				2396573C1D18AE96009B0DD4 /* lib */,
			);
			path = x264;
			sourceTree = "<group>";
		};
		239657391D18AE96009B0DD4 /* include */ = {
			isa = PBXGroup;
			children = (
				2396573A1D18AE96009B0DD4 /* x264.h */,
				2396573B1D18AE96009B0DD4 /* x264_config.h */,
			);
			path = include;
			sourceTree = "<group>";
		};
		2396573C1D18AE96009B0DD4 /* lib */ = {
			isa = PBXGroup;
			children = (
				2396573D1D18AE96009B0DD4 /* libx264.a */,
			);
			path = lib;
			sourceTree = "<group>";
		};
		23C89A541D0BCB350000858B = {
			isa = PBXGroup;
			children = (
				239656711D18AE95009B0DD4 /* lib */,
				2396566B1D1865A2009B0DD4 /* FBSDKLoginKit.framework */,
				239656691D18651A009B0DD4 /* FBSDKCoreKit.framework */,
				2395E41B1D0CB56D005D64A6 /* ProgressHUD */,
				23C89A5F1D0BCB350000858B /* LetsChart */,
				23C89A741D0BCB350000858B /* LetsChartTests */,
				23C89A7F1D0BCB350000858B /* LetsChartUITests */,
				23C89A5E1D0BCB350000858B /* Products */,
				C8D2A16E968E1BABAF9DBFA1 /* Pods */,
				F3AF470DF7C9780E868DEEE1 /* Frameworks */,
			);
			sourceTree = "<group>";
		};
		23C89A5E1D0BCB350000858B /* Products */ = {
			isa = PBXGroup;
			children = (
				23C89A5D1D0BCB350000858B /* LetsChart.app */,
				23C89A711D0BCB350000858B /* LetsChartTests.xctest */,
				23C89A7C1D0BCB350000858B /* LetsChartUITests.xctest */,
			);
			name = Products;
			sourceTree = "<group>";
		};
		23C89A5F1D0BCB350000858B /* LetsChart */ = {
			isa = PBXGroup;
			children = (
				239656701D18700C009B0DD4 /* Messages */,
				2396566F1D186FB0009B0DD4 /* Assist Items */,
				2395E4251D0CFAF7005D64A6 /* RecentViewControlers */,
				2395E41A1D0C7822005D64A6 /* LoginViewControlers */,
				23C89A641D0BCB350000858B /* Main.storyboard */,
				2395E4191D0C7806005D64A6 /* Supporting */,
			);
			path = LetsChart;
			sourceTree = "<group>";
		};
		23C89A741D0BCB350000858B /* LetsChartTests */ = {
			isa = PBXGroup;
			children = (
				23C89A751D0BCB350000858B /* LetsChartTests.swift */,
				23C89A771D0BCB350000858B /* Info.plist */,
			);
			path = LetsChartTests;
			sourceTree = "<group>";
		};
		23C89A7F1D0BCB350000858B /* LetsChartUITests */ = {
			isa = PBXGroup;
			children = (
				23C89A801D0BCB350000858B /* LetsChartUITests.swift */,
				23C89A821D0BCB350000858B /* Info.plist */,
			);
			path = LetsChartUITests;
			sourceTree = "<group>";
		};
		C8D2A16E968E1BABAF9DBFA1 /* Pods */ = {
			isa = PBXGroup;
			children = (
				5FEB3DA99AF2F1A7E25E7548 /* Pods-LetsChart.debug.xcconfig */,
				B939F7F39DF7C0BD41EA2299 /* Pods-LetsChart.release.xcconfig */,
			);
			name = Pods;
			sourceTree = "<group>";
		};
		F3AF470DF7C9780E868DEEE1 /* Frameworks */ = {
			isa = PBXGroup;
			children = (
				E70481CCE66C331826A3F499 /* libPods-LetsChart.a */,
			);
			name = Frameworks;
			sourceTree = "<group>";
		};
/* End PBXGroup section */

/* Begin PBXNativeTarget section */
		23C89A5C1D0BCB350000858B /* LetsChart */ = {
			isa = PBXNativeTarget;
			buildConfigurationList = 23C89A851D0BCB350000858B /* Build configuration list for PBXNativeTarget "LetsChart" */;
			buildPhases = (
				B67EEE24A57A639DAF10845A /* [CP] Check Pods Manifest.lock */,
				23C89A591D0BCB350000858B /* Sources */,
				23C89A5A1D0BCB350000858B /* Frameworks */,
				23C89A5B1D0BCB350000858B /* Resources */,
				2AED64430D3F349E2F23AAF4 /* [CP] Embed Pods Frameworks */,
				AD58EFCB578EA571D3BCC703 /* [CP] Copy Pods Resources */,
				231AF5C41D0FCD8800273C92 /* Embed Frameworks */,
			);
			buildRules = (
			);
			dependencies = (
			);
			name = LetsChart;
			productName = LetsChart;
			productReference = 23C89A5D1D0BCB350000858B /* LetsChart.app */;
			productType = "com.apple.product-type.application";
		};
		23C89A701D0BCB350000858B /* LetsChartTests */ = {
			isa = PBXNativeTarget;
			buildConfigurationList = 23C89A881D0BCB350000858B /* Build configuration list for PBXNativeTarget "LetsChartTests" */;
			buildPhases = (
				23C89A6D1D0BCB350000858B /* Sources */,
				23C89A6E1D0BCB350000858B /* Frameworks */,
				23C89A6F1D0BCB350000858B /* Resources */,
			);
			buildRules = (
			);
			dependencies = (
				23C89A731D0BCB350000858B /* PBXTargetDependency */,
			);
			name = LetsChartTests;
			productName = LetsChartTests;
			productReference = 23C89A711D0BCB350000858B /* LetsChartTests.xctest */;
			productType = "com.apple.product-type.bundle.unit-test";
		};
		23C89A7B1D0BCB350000858B /* LetsChartUITests */ = {
			isa = PBXNativeTarget;
			buildConfigurationList = 23C89A8B1D0BCB350000858B /* Build configuration list for PBXNativeTarget "LetsChartUITests" */;
			buildPhases = (
				23C89A781D0BCB350000858B /* Sources */,
				23C89A791D0BCB350000858B /* Frameworks */,
				23C89A7A1D0BCB350000858B /* Resources */,
			);
			buildRules = (
			);
			dependencies = (
				23C89A7E1D0BCB350000858B /* PBXTargetDependency */,
			);
			name = LetsChartUITests;
			productName = LetsChartUITests;
			productReference = 23C89A7C1D0BCB350000858B /* LetsChartUITests.xctest */;
			productType = "com.apple.product-type.bundle.ui-testing";
		};
/* End PBXNativeTarget section */

/* Begin PBXProject section */
		23C89A551D0BCB350000858B /* Project object */ = {
			isa = PBXProject;
			attributes = {
				LastSwiftUpdateCheck = 0730;
				LastUpgradeCheck = 0730;
				ORGANIZATIONNAME = JiangYe;
				TargetAttributes = {
					23C89A5C1D0BCB350000858B = {
						CreatedOnToolsVersion = 7.3.1;
						DevelopmentTeam = 9896F4436N;
						SystemCapabilities = {
							com.apple.Push = {
								enabled = 1;
							};
						};
					};
					23C89A701D0BCB350000858B = {
						CreatedOnToolsVersion = 7.3.1;
						TestTargetID = 23C89A5C1D0BCB350000858B;
					};
					23C89A7B1D0BCB350000858B = {
						CreatedOnToolsVersion = 7.3.1;
						TestTargetID = 23C89A5C1D0BCB350000858B;
					};
				};
			};
			buildConfigurationList = 23C89A581D0BCB350000858B /* Build configuration list for PBXProject "LetsChart" */;
			compatibilityVersion = "Xcode 3.2";
			developmentRegion = English;
			hasScannedForEncodings = 0;
			knownRegions = (
				en,
				Base,
			);
			mainGroup = 23C89A541D0BCB350000858B;
			productRefGroup = 23C89A5E1D0BCB350000858B /* Products */;
			projectDirPath = "";
			projectRoot = "";
			targets = (
				23C89A5C1D0BCB350000858B /* LetsChart */,
				23C89A701D0BCB350000858B /* LetsChartTests */,
				23C89A7B1D0BCB350000858B /* LetsChartUITests */,
			);
		};
/* End PBXProject section */

/* Begin PBXResourcesBuildPhase section */
		23C89A5B1D0BCB350000858B /* Resources */ = {
			isa = PBXResourcesBuildPhase;
			buildActionMask = 2147483647;
			files = (
				2395E41F1D0CB56D005D64A6 /* ProgressHUD.bundle in Resources */,
				23C89A6B1D0BCB350000858B /* LaunchScreen.storyboard in Resources */,
				237927891D1B1C0E00BF329B /* GoogleService-Info.plist in Resources */,
				23C89A681D0BCB350000858B /* Assets.xcassets in Resources */,
				23C89A661D0BCB350000858B /* Main.storyboard in Resources */,
			);
			runOnlyForDeploymentPostprocessing = 0;
		};
		23C89A6F1D0BCB350000858B /* Resources */ = {
			isa = PBXResourcesBuildPhase;
			buildActionMask = 2147483647;
			files = (
			);
			runOnlyForDeploymentPostprocessing = 0;
		};
		23C89A7A1D0BCB350000858B /* Resources */ = {
			isa = PBXResourcesBuildPhase;
			buildActionMask = 2147483647;
			files = (
			);
			runOnlyForDeploymentPostprocessing = 0;
		};
/* End PBXResourcesBuildPhase section */

/* Begin PBXShellScriptBuildPhase section */
		2AED64430D3F349E2F23AAF4 /* [CP] Embed Pods Frameworks */ = {
			isa = PBXShellScriptBuildPhase;
			buildActionMask = 2147483647;
			files = (
			);
			inputPaths = (
			);
			name = "[CP] Embed Pods Frameworks";
			outputPaths = (
			);
			runOnlyForDeploymentPostprocessing = 0;
			shellPath = /bin/sh;
			shellScript = "\"${SRCROOT}/Pods/Target Support Files/Pods-LetsChart/Pods-LetsChart-frameworks.sh\"\n";
			showEnvVarsInLog = 0;
		};
		AD58EFCB578EA571D3BCC703 /* [CP] Copy Pods Resources */ = {
			isa = PBXShellScriptBuildPhase;
			buildActionMask = 2147483647;
			files = (
			);
			inputPaths = (
			);
			name = "[CP] Copy Pods Resources";
			outputPaths = (
			);
			runOnlyForDeploymentPostprocessing = 0;
			shellPath = /bin/sh;
			shellScript = "\"${SRCROOT}/Pods/Target Support Files/Pods-LetsChart/Pods-LetsChart-resources.sh\"\n";
			showEnvVarsInLog = 0;
		};
		B67EEE24A57A639DAF10845A /* [CP] Check Pods Manifest.lock */ = {
			isa = PBXShellScriptBuildPhase;
			buildActionMask = 2147483647;
			files = (
			);
			inputPaths = (
			);
			name = "[CP] Check Pods Manifest.lock";
			outputPaths = (
			);
			runOnlyForDeploymentPostprocessing = 0;
			shellPath = /bin/sh;
			shellScript = "diff \"${PODS_ROOT}/../Podfile.lock\" \"${PODS_ROOT}/Manifest.lock\" > /dev/null\nif [[ $? != 0 ]] ; then\n    cat << EOM\nerror: The sandbox is not in sync with the Podfile.lock. Run 'pod install' or update your CocoaPods installation.\nEOM\n    exit 1\nfi\n";
			showEnvVarsInLog = 0;
		};
/* End PBXShellScriptBuildPhase section */

/* Begin PBXSourcesBuildPhase section */
		23C89A591D0BCB350000858B /* Sources */ = {
			isa = PBXSourcesBuildPhase;
			buildActionMask = 2147483647;
			files = (
				2388EE171D0E770D00E0E9AF /* Recent.swift in Sources */,
				239C1AED1D10B925008D79EE /* ChooseUserViewController.swift in Sources */,
				2396574A1D19B9D0009B0DD4 /* PushNotifications.swift in Sources */,
				2396566E1D186F75009B0DD4 /* RegisterFBUser.swift in Sources */,
				23C89C471D0C545D0000858B /* LoginViewController.swift in Sources */,
				2395E4241D0CF8BE005D64A6 /* RecentViewController.swift in Sources */,
				23EB6E8C1D1327E50065749B /* OutgoingMessage.swift in Sources */,
				23C89A611D0BCB350000858B /* AppDelegate.swift in Sources */,
				23DAF9161D1654E600BBB13D /* Avatar.swift in Sources */,
				2395E4201D0CB56D005D64A6 /* ProgressHUD.m in Sources */,
				23C89C451D0C52AE0000858B /* WelcomeViewController.swift in Sources */,
				2395E4221D0CF5BC005D64A6 /* RecentTableViewCell.swift in Sources */,
				23EB6E8E1D136A1E0065749B /* IncomingMessage.swift in Sources */,
				23A605241D14FABB00DA3C31 /* Camera.swift in Sources */,
				23DAF9141D15ED9700BBB13D /* SettingsTableViewController.swift in Sources */,
				239C1AEF1D10EACE008D79EE /* ChatViewController.swift in Sources */,
				23C89C491D0C547A0000858B /* RegisterViewController.swift in Sources */,
				23A605261D158CCC00DA3C31 /* MapViewController.swift in Sources */,
			);
			runOnlyForDeploymentPostprocessing = 0;
		};
		23C89A6D1D0BCB350000858B /* Sources */ = {
			isa = PBXSourcesBuildPhase;
			buildActionMask = 2147483647;
			files = (
				23C89A761D0BCB350000858B /* LetsChartTests.swift in Sources */,
			);
			runOnlyForDeploymentPostprocessing = 0;
		};
		23C89A781D0BCB350000858B /* Sources */ = {
			isa = PBXSourcesBuildPhase;
			buildActionMask = 2147483647;
			files = (
				23C89A811D0BCB350000858B /* LetsChartUITests.swift in Sources */,
			);
			runOnlyForDeploymentPostprocessing = 0;
		};
/* End PBXSourcesBuildPhase section */

/* Begin PBXTargetDependency section */
		23C89A731D0BCB350000858B /* PBXTargetDependency */ = {
			isa = PBXTargetDependency;
			target = 23C89A5C1D0BCB350000858B /* LetsChart */;
			targetProxy = 23C89A721D0BCB350000858B /* PBXContainerItemProxy */;
		};
		23C89A7E1D0BCB350000858B /* PBXTargetDependency */ = {
			isa = PBXTargetDependency;
			target = 23C89A5C1D0BCB350000858B /* LetsChart */;
			targetProxy = 23C89A7D1D0BCB350000858B /* PBXContainerItemProxy */;
		};
/* End PBXTargetDependency section */

/* Begin PBXVariantGroup section */
		23C89A641D0BCB350000858B /* Main.storyboard */ = {
			isa = PBXVariantGroup;
			children = (
				23C89A651D0BCB350000858B /* Base */,
			);
			name = Main.storyboard;
			sourceTree = "<group>";
		};
		23C89A691D0BCB350000858B /* LaunchScreen.storyboard */ = {
			isa = PBXVariantGroup;
			children = (
				23C89A6A1D0BCB350000858B /* Base */,
			);
			name = LaunchScreen.storyboard;
			sourceTree = "<group>";
		};
/* End PBXVariantGroup section */

/* Begin XCBuildConfiguration section */
		23C89A831D0BCB350000858B /* Debug */ = {
			isa = XCBuildConfiguration;
			buildSettings = {
				ALWAYS_SEARCH_USER_PATHS = NO;
				CLANG_ANALYZER_NONNULL = YES;
				CLANG_CXX_LANGUAGE_STANDARD = "gnu++0x";
				CLANG_CXX_LIBRARY = "libc++";
				CLANG_ENABLE_MODULES = YES;
				CLANG_ENABLE_OBJC_ARC = YES;
				CLANG_WARN_BOOL_CONVERSION = YES;
				CLANG_WARN_CONSTANT_CONVERSION = YES;
				CLANG_WARN_DIRECT_OBJC_ISA_USAGE = YES_ERROR;
				CLANG_WARN_EMPTY_BODY = YES;
				CLANG_WARN_ENUM_CONVERSION = YES;
				CLANG_WARN_INT_CONVERSION = YES;
				CLANG_WARN_OBJC_ROOT_CLASS = YES_ERROR;
				CLANG_WARN_UNREACHABLE_CODE = YES;
				CLANG_WARN__DUPLICATE_METHOD_MATCH = YES;
				"CODE_SIGN_IDENTITY[sdk=iphoneos*]" = "iPhone Developer";
				COPY_PHASE_STRIP = NO;
				DEBUG_INFORMATION_FORMAT = dwarf;
				ENABLE_STRICT_OBJC_MSGSEND = YES;
				ENABLE_TESTABILITY = YES;
				GCC_C_LANGUAGE_STANDARD = gnu99;
				GCC_DYNAMIC_NO_PIC = NO;
				GCC_NO_COMMON_BLOCKS = YES;
				GCC_OPTIMIZATION_LEVEL = 0;
				GCC_PREPROCESSOR_DEFINITIONS = (
					"DEBUG=1",
					"$(inherited)",
				);
				GCC_WARN_64_TO_32_BIT_CONVERSION = YES;
				GCC_WARN_ABOUT_RETURN_TYPE = YES_ERROR;
				GCC_WARN_UNDECLARED_SELECTOR = YES;
				GCC_WARN_UNINITIALIZED_AUTOS = YES_AGGRESSIVE;
				GCC_WARN_UNUSED_FUNCTION = YES;
				GCC_WARN_UNUSED_VARIABLE = YES;
				IPHONEOS_DEPLOYMENT_TARGET = 9.3;
				MTL_ENABLE_DEBUG_INFO = YES;
				ONLY_ACTIVE_ARCH = YES;
				SDKROOT = iphoneos;
				SWIFT_OPTIMIZATION_LEVEL = "-Onone";
				TARGETED_DEVICE_FAMILY = "1,2";
			};
			name = Debug;
		};
		23C89A841D0BCB350000858B /* Release */ = {
			isa = XCBuildConfiguration;
			buildSettings = {
				ALWAYS_SEARCH_USER_PATHS = NO;
				CLANG_ANALYZER_NONNULL = YES;
				CLANG_CXX_LANGUAGE_STANDARD = "gnu++0x";
				CLANG_CXX_LIBRARY = "libc++";
				CLANG_ENABLE_MODULES = YES;
				CLANG_ENABLE_OBJC_ARC = YES;
				CLANG_WARN_BOOL_CONVERSION = YES;
				CLANG_WARN_CONSTANT_CONVERSION = YES;
				CLANG_WARN_DIRECT_OBJC_ISA_USAGE = YES_ERROR;
				CLANG_WARN_EMPTY_BODY = YES;
				CLANG_WARN_ENUM_CONVERSION = YES;
				CLANG_WARN_INT_CONVERSION = YES;
				CLANG_WARN_OBJC_ROOT_CLASS = YES_ERROR;
				CLANG_WARN_UNREACHABLE_CODE = YES;
				CLANG_WARN__DUPLICATE_METHOD_MATCH = YES;
				"CODE_SIGN_IDENTITY[sdk=iphoneos*]" = "iPhone Developer";
				COPY_PHASE_STRIP = NO;
				DEBUG_INFORMATION_FORMAT = "dwarf-with-dsym";
				ENABLE_NS_ASSERTIONS = NO;
				ENABLE_STRICT_OBJC_MSGSEND = YES;
				GCC_C_LANGUAGE_STANDARD = gnu99;
				GCC_NO_COMMON_BLOCKS = YES;
				GCC_WARN_64_TO_32_BIT_CONVERSION = YES;
				GCC_WARN_ABOUT_RETURN_TYPE = YES_ERROR;
				GCC_WARN_UNDECLARED_SELECTOR = YES;
				GCC_WARN_UNINITIALIZED_AUTOS = YES_AGGRESSIVE;
				GCC_WARN_UNUSED_FUNCTION = YES;
				GCC_WARN_UNUSED_VARIABLE = YES;
				IPHONEOS_DEPLOYMENT_TARGET = 9.3;
				MTL_ENABLE_DEBUG_INFO = NO;
				SDKROOT = iphoneos;
				TARGETED_DEVICE_FAMILY = "1,2";
				VALIDATE_PRODUCT = YES;
			};
			name = Release;
		};
		23C89A861D0BCB350000858B /* Debug */ = {
			isa = XCBuildConfiguration;
			baseConfigurationReference = 5FEB3DA99AF2F1A7E25E7548 /* Pods-LetsChart.debug.xcconfig */;
			buildSettings = {
				ASSETCATALOG_COMPILER_APPICON_NAME = AppIcon;
				ENABLE_BITCODE = YES;
				FRAMEWORK_SEARCH_PATHS = (
					"$(inherited)",
					"$(PROJECT_DIR)",
				);
				INFOPLIST_FILE = LetsChart/Info.plist;
				LD_RUNPATH_SEARCH_PATHS = "$(inherited) @executable_path/Frameworks";
				LIBRARY_SEARCH_PATHS = (
					"$(inherited)",
					"$(PROJECT_DIR)/lib/**",
					"$(PROJECT_DIR)/lib/backendless",
					"$(PROJECT_DIR)/lib/CommLibiOS",
					"$(PROJECT_DIR)/lib/libav-11.4/lib",
					"$(PROJECT_DIR)/lib/MediaLibiOS3x",
					"$(PROJECT_DIR)/lib/speex-1.2rc2/lib",
					"$(PROJECT_DIR)/lib/x264/lib",
				);
				PRODUCT_BUNDLE_IDENTIFIER = umass.edu.yejiang.LetsChart;
				PRODUCT_NAME = "$(TARGET_NAME)";
				SWIFT_OBJC_BRIDGING_HEADER = "$(PROJECT_DIR)/lib/backendless/include/Backendless-With-Media-Bridging-Header.h";
				SWIFT_OPTIMIZATION_LEVEL = "-Owholemodule";
			};
			name = Debug;
		};
		23C89A871D0BCB350000858B /* Release */ = {
			isa = XCBuildConfiguration;
			baseConfigurationReference = B939F7F39DF7C0BD41EA2299 /* Pods-LetsChart.release.xcconfig */;
			buildSettings = {
				ASSETCATALOG_COMPILER_APPICON_NAME = AppIcon;
				ENABLE_BITCODE = YES;
				FRAMEWORK_SEARCH_PATHS = (
					"$(inherited)",
					"$(PROJECT_DIR)",
				);
				INFOPLIST_FILE = LetsChart/Info.plist;
				LD_RUNPATH_SEARCH_PATHS = "$(inherited) @executable_path/Frameworks";
				LIBRARY_SEARCH_PATHS = (
					"$(inherited)",
					"$(PROJECT_DIR)/lib/**",
					"$(PROJECT_DIR)/lib/backendless",
					"$(PROJECT_DIR)/lib/CommLibiOS",
					"$(PROJECT_DIR)/lib/libav-11.4/lib",
					"$(PROJECT_DIR)/lib/MediaLibiOS3x",
					"$(PROJECT_DIR)/lib/speex-1.2rc2/lib",
					"$(PROJECT_DIR)/lib/x264/lib",
				);
				PRODUCT_BUNDLE_IDENTIFIER = umass.edu.yejiang.LetsChart;
				PRODUCT_NAME = "$(TARGET_NAME)";
				SWIFT_OBJC_BRIDGING_HEADER = "$(PROJECT_DIR)/lib/backendless/include/Backendless-With-Media-Bridging-Header.h";
				SWIFT_OPTIMIZATION_LEVEL = "-Owholemodule";
			};
			name = Release;
		};
		23C89A891D0BCB350000858B /* Debug */ = {
			isa = XCBuildConfiguration;
			buildSettings = {
				BUNDLE_LOADER = "$(TEST_HOST)";
				INFOPLIST_FILE = LetsChartTests/Info.plist;
				LD_RUNPATH_SEARCH_PATHS = "$(inherited) @executable_path/Frameworks @loader_path/Frameworks";
				PRODUCT_BUNDLE_IDENTIFIER = umass.edu.yejiang.LetsChartTests;
				PRODUCT_NAME = "$(TARGET_NAME)";
				TEST_HOST = "$(BUILT_PRODUCTS_DIR)/LetsChart.app/LetsChart";
			};
			name = Debug;
		};
		23C89A8A1D0BCB350000858B /* Release */ = {
			isa = XCBuildConfiguration;
			buildSettings = {
				BUNDLE_LOADER = "$(TEST_HOST)";
				INFOPLIST_FILE = LetsChartTests/Info.plist;
				LD_RUNPATH_SEARCH_PATHS = "$(inherited) @executable_path/Frameworks @loader_path/Frameworks";
				PRODUCT_BUNDLE_IDENTIFIER = umass.edu.yejiang.LetsChartTests;
				PRODUCT_NAME = "$(TARGET_NAME)";
				TEST_HOST = "$(BUILT_PRODUCTS_DIR)/LetsChart.app/LetsChart";
			};
			name = Release;
		};
		23C89A8C1D0BCB350000858B /* Debug */ = {
			isa = XCBuildConfiguration;
			buildSettings = {
				INFOPLIST_FILE = LetsChartUITests/Info.plist;
				LD_RUNPATH_SEARCH_PATHS = "$(inherited) @executable_path/Frameworks @loader_path/Frameworks";
				PRODUCT_BUNDLE_IDENTIFIER = umass.edu.yejiang.LetsChartUITests;
				PRODUCT_NAME = "$(TARGET_NAME)";
				TEST_TARGET_NAME = LetsChart;
			};
			name = Debug;
		};
		23C89A8D1D0BCB350000858B /* Release */ = {
			isa = XCBuildConfiguration;
			buildSettings = {
				INFOPLIST_FILE = LetsChartUITests/Info.plist;
				LD_RUNPATH_SEARCH_PATHS = "$(inherited) @executable_path/Frameworks @loader_path/Frameworks";
				PRODUCT_BUNDLE_IDENTIFIER = umass.edu.yejiang.LetsChartUITests;
				PRODUCT_NAME = "$(TARGET_NAME)";
				TEST_TARGET_NAME = LetsChart;
			};
			name = Release;
		};
/* End XCBuildConfiguration section */

/* Begin XCConfigurationList section */
		23C89A581D0BCB350000858B /* Build configuration list for PBXProject "LetsChart" */ = {
			isa = XCConfigurationList;
			buildConfigurations = (
				23C89A831D0BCB350000858B /* Debug */,
				23C89A841D0BCB350000858B /* Release */,
			);
			defaultConfigurationIsVisible = 0;
			defaultConfigurationName = Release;
		};
		23C89A851D0BCB350000858B /* Build configuration list for PBXNativeTarget "LetsChart" */ = {
			isa = XCConfigurationList;
			buildConfigurations = (
				23C89A861D0BCB350000858B /* Debug */,
				23C89A871D0BCB350000858B /* Release */,
			);
			defaultConfigurationIsVisible = 0;
			defaultConfigurationName = Release;
		};
		23C89A881D0BCB350000858B /* Build configuration list for PBXNativeTarget "LetsChartTests" */ = {
			isa = XCConfigurationList;
			buildConfigurations = (
				23C89A891D0BCB350000858B /* Debug */,
				23C89A8A1D0BCB350000858B /* Release */,
			);
			defaultConfigurationIsVisible = 0;
			defaultConfigurationName = Release;
		};
		23C89A8B1D0BCB350000858B /* Build configuration list for PBXNativeTarget "LetsChartUITests" */ = {
			isa = XCConfigurationList;
			buildConfigurations = (
				23C89A8C1D0BCB350000858B /* Debug */,
				23C89A8D1D0BCB350000858B /* Release */,
			);
			defaultConfigurationIsVisible = 0;
			defaultConfigurationName = Release;
		};
/* End XCConfigurationList section */
	};
	rootObject = 23C89A551D0BCB350000858B /* Project object */;
}
